// !$*UTF8*$!
{
	archiveVersion = 1;
	classes = {
	};
	objectVersion = 55;
	objects = {

/* Begin PBXBuildFile section */
		F953E41827BBC85000DE14B7 /* AppDelegate.swift in Sources */ = {isa = PBXBuildFile; fileRef = F953E41727BBC85000DE14B7 /* AppDelegate.swift */; };
		F953E41A27BBC85000DE14B7 /* SceneDelegate.swift in Sources */ = {isa = PBXBuildFile; fileRef = F953E41927BBC85000DE14B7 /* SceneDelegate.swift */; };
		F953E41C27BBC85000DE14B7 /* StartViewController.swift in Sources */ = {isa = PBXBuildFile; fileRef = F953E41B27BBC85000DE14B7 /* StartViewController.swift */; };
		F953E42127BBC85100DE14B7 /* Assets.xcassets in Resources */ = {isa = PBXBuildFile; fileRef = F953E42027BBC85100DE14B7 /* Assets.xcassets */; };
		F953E42427BBC85100DE14B7 /* LaunchScreen.storyboard in Resources */ = {isa = PBXBuildFile; fileRef = F953E42227BBC85100DE14B7 /* LaunchScreen.storyboard */; };
		F953E43527BBE08700DE14B7 /* Coordinator.swift in Sources */ = {isa = PBXBuildFile; fileRef = F953E43427BBE08700DE14B7 /* Coordinator.swift */; };
		F953E43727BBE0E700DE14B7 /* MainCoordinator.swift in Sources */ = {isa = PBXBuildFile; fileRef = F953E43627BBE0E700DE14B7 /* MainCoordinator.swift */; };
		F953E43A27BC088D00DE14B7 /* StartViewController.storyboard in Resources */ = {isa = PBXBuildFile; fileRef = F953E43927BC088D00DE14B7 /* StartViewController.storyboard */; };
		F953E43C27BC08FD00DE14B7 /* Storyboarded.swift in Sources */ = {isa = PBXBuildFile; fileRef = F953E43B27BC08FC00DE14B7 /* Storyboarded.swift */; };
/* End PBXBuildFile section */

/* Begin PBXFileReference section */
		F953E41427BBC85000DE14B7 /* SuperheroShkliaruk.app */ = {isa = PBXFileReference; explicitFileType = wrapper.application; includeInIndex = 0; path = SuperheroShkliaruk.app; sourceTree = BUILT_PRODUCTS_DIR; };
		F953E41727BBC85000DE14B7 /* AppDelegate.swift */ = {isa = PBXFileReference; lastKnownFileType = sourcecode.swift; path = AppDelegate.swift; sourceTree = "<group>"; };
		F953E41927BBC85000DE14B7 /* SceneDelegate.swift */ = {isa = PBXFileReference; lastKnownFileType = sourcecode.swift; path = SceneDelegate.swift; sourceTree = "<group>"; };
		F953E41B27BBC85000DE14B7 /* StartViewController.swift */ = {isa = PBXFileReference; lastKnownFileType = sourcecode.swift; path = StartViewController.swift; sourceTree = "<group>"; };
		F953E42027BBC85100DE14B7 /* Assets.xcassets */ = {isa = PBXFileReference; lastKnownFileType = folder.assetcatalog; path = Assets.xcassets; sourceTree = "<group>"; };
		F953E42327BBC85100DE14B7 /* Base */ = {isa = PBXFileReference; lastKnownFileType = file.storyboard; name = Base; path = Base.lproj/LaunchScreen.storyboard; sourceTree = "<group>"; };
		F953E42527BBC85100DE14B7 /* Info.plist */ = {isa = PBXFileReference; lastKnownFileType = text.plist.xml; path = Info.plist; sourceTree = "<group>"; };
		F953E43427BBE08700DE14B7 /* Coordinator.swift */ = {isa = PBXFileReference; lastKnownFileType = sourcecode.swift; path = Coordinator.swift; sourceTree = "<group>"; };
		F953E43627BBE0E700DE14B7 /* MainCoordinator.swift */ = {isa = PBXFileReference; lastKnownFileType = sourcecode.swift; path = MainCoordinator.swift; sourceTree = "<group>"; };
		F953E43927BC088D00DE14B7 /* StartViewController.storyboard */ = {isa = PBXFileReference; lastKnownFileType = file.storyboard; path = StartViewController.storyboard; sourceTree = "<group>"; };
		F953E43B27BC08FC00DE14B7 /* Storyboarded.swift */ = {isa = PBXFileReference; lastKnownFileType = sourcecode.swift; path = Storyboarded.swift; sourceTree = "<group>"; };
/* End PBXFileReference section */

/* Begin PBXFrameworksBuildPhase section */
		F953E41127BBC85000DE14B7 /* Frameworks */ = {
			isa = PBXFrameworksBuildPhase;
			buildActionMask = 2147483647;
			files = (
			);
			runOnlyForDeploymentPostprocessing = 0;
		};
/* End PBXFrameworksBuildPhase section */

/* Begin PBXGroup section */
		F953E40B27BBC85000DE14B7 = {
			isa = PBXGroup;
			children = (
				F953E41627BBC85000DE14B7 /* SuperheroShkliaruk */,
				F953E41527BBC85000DE14B7 /* Products */,
			);
			sourceTree = "<group>";
		};
		F953E41527BBC85000DE14B7 /* Products */ = {
			isa = PBXGroup;
			children = (
				F953E41427BBC85000DE14B7 /* SuperheroShkliaruk.app */,
			);
			name = Products;
			sourceTree = "<group>";
		};
		F953E41627BBC85000DE14B7 /* SuperheroShkliaruk */ = {
			isa = PBXGroup;
			children = (
				F953E42D27BBDF4000DE14B7 /* Protocols */,
				F953E42C27BBDF2900DE14B7 /* Presentation */,
				F953E42B27BBDF1A00DE14B7 /* Models */,
				F953E42527BBC85100DE14B7 /* Info.plist */,
				F953E41727BBC85000DE14B7 /* AppDelegate.swift */,
				F953E41927BBC85000DE14B7 /* SceneDelegate.swift */,
				F953E42027BBC85100DE14B7 /* Assets.xcassets */,
			);
			path = SuperheroShkliaruk;
			sourceTree = "<group>";
		};
		F953E42B27BBDF1A00DE14B7 /* Models */ = {
			isa = PBXGroup;
			children = (
			);
			path = Models;
			sourceTree = "<group>";
		};
		F953E42C27BBDF2900DE14B7 /* Presentation */ = {
			isa = PBXGroup;
			children = (
				F953E43227BBDF8E00DE14B7 /* Coordinator */,
				F953E43127BBDF7F00DE14B7 /* Storyboards */,
				F953E43027BBDF6E00DE14B7 /* ViewControllers */,
				F953E42F27BBDF6200DE14B7 /* ViewModels */,
				F953E42E27BBDF5A00DE14B7 /* Views */,
			);
			path = Presentation;
			sourceTree = "<group>";
		};
		F953E42D27BBDF4000DE14B7 /* Protocols */ = {
			isa = PBXGroup;
			children = (
				F953E43327BBE07600DE14B7 /* Coordinator */,
				F953E43B27BC08FC00DE14B7 /* Storyboarded.swift */,
			);
			path = Protocols;
			sourceTree = "<group>";
		};
		F953E42E27BBDF5A00DE14B7 /* Views */ = {
			isa = PBXGroup;
			children = (
			);
			path = Views;
			sourceTree = "<group>";
		};
		F953E42F27BBDF6200DE14B7 /* ViewModels */ = {
			isa = PBXGroup;
			children = (
			);
			path = ViewModels;
			sourceTree = "<group>";
		};
		F953E43027BBDF6E00DE14B7 /* ViewControllers */ = {
			isa = PBXGroup;
			children = (
				F953E41B27BBC85000DE14B7 /* StartViewController.swift */,
			);
			path = ViewControllers;
			sourceTree = "<group>";
		};
		F953E43127BBDF7F00DE14B7 /* Storyboards */ = {
			isa = PBXGroup;
			children = (
				F953E43927BC088D00DE14B7 /* StartViewController.storyboard */,
				F953E42227BBC85100DE14B7 /* LaunchScreen.storyboard */,
			);
			path = Storyboards;
			sourceTree = "<group>";
		};
		F953E43227BBDF8E00DE14B7 /* Coordinator */ = {
			isa = PBXGroup;
			children = (
				F953E43627BBE0E700DE14B7 /* MainCoordinator.swift */,
			);
			path = Coordinator;
			sourceTree = "<group>";
		};
		F953E43327BBE07600DE14B7 /* Coordinator */ = {
			isa = PBXGroup;
			children = (
				F953E43427BBE08700DE14B7 /* Coordinator.swift */,
			);
			path = Coordinator;
			sourceTree = "<group>";
		};
/* End PBXGroup section */

/* Begin PBXNativeTarget section */
		F953E41327BBC85000DE14B7 /* SuperheroShkliaruk */ = {
			isa = PBXNativeTarget;
			buildConfigurationList = F953E42827BBC85100DE14B7 /* Build configuration list for PBXNativeTarget "SuperheroShkliaruk" */;
			buildPhases = (
				F953E41027BBC85000DE14B7 /* Sources */,
				F953E41127BBC85000DE14B7 /* Frameworks */,
				F953E41227BBC85000DE14B7 /* Resources */,
			);
			buildRules = (
			);
			dependencies = (
			);
			name = SuperheroShkliaruk;
			productName = SuperheroShkliaruk;
			productReference = F953E41427BBC85000DE14B7 /* SuperheroShkliaruk.app */;
			productType = "com.apple.product-type.application";
		};
/* End PBXNativeTarget section */

/* Begin PBXProject section */
		F953E40C27BBC85000DE14B7 /* Project object */ = {
			isa = PBXProject;
			attributes = {
				BuildIndependentTargetsInParallel = 1;
				LastSwiftUpdateCheck = 1320;
				LastUpgradeCheck = 1320;
				TargetAttributes = {
					F953E41327BBC85000DE14B7 = {
						CreatedOnToolsVersion = 13.2.1;
					};
				};
			};
			buildConfigurationList = F953E40F27BBC85000DE14B7 /* Build configuration list for PBXProject "SuperheroShkliaruk" */;
			compatibilityVersion = "Xcode 13.0";
			developmentRegion = en;
			hasScannedForEncodings = 0;
			knownRegions = (
				en,
				Base,
			);
			mainGroup = F953E40B27BBC85000DE14B7;
			productRefGroup = F953E41527BBC85000DE14B7 /* Products */;
			projectDirPath = "";
			projectRoot = "";
			targets = (
				F953E41327BBC85000DE14B7 /* SuperheroShkliaruk */,
			);
		};
/* End PBXProject section */

/* Begin PBXResourcesBuildPhase section */
		F953E41227BBC85000DE14B7 /* Resources */ = {
			isa = PBXResourcesBuildPhase;
			buildActionMask = 2147483647;
			files = (
				F953E42427BBC85100DE14B7 /* LaunchScreen.storyboard in Resources */,
				F953E43A27BC088D00DE14B7 /* StartViewController.storyboard in Resources */,
				F953E42127BBC85100DE14B7 /* Assets.xcassets in Resources */,
			);
			runOnlyForDeploymentPostprocessing = 0;
		};
/* End PBXResourcesBuildPhase section */

/* Begin PBXSourcesBuildPhase section */
		F953E41027BBC85000DE14B7 /* Sources */ = {
			isa = PBXSourcesBuildPhase;
			buildActionMask = 2147483647;
			files = (
				F953E43527BBE08700DE14B7 /* Coordinator.swift in Sources */,
				F953E41C27BBC85000DE14B7 /* StartViewController.swift in Sources */,
				F953E41827BBC85000DE14B7 /* AppDelegate.swift in Sources */,
				F953E43727BBE0E700DE14B7 /* MainCoordinator.swift in Sources */,
				F953E41A27BBC85000DE14B7 /* SceneDelegate.swift in Sources */,
				F953E43C27BC08FD00DE14B7 /* Storyboarded.swift in Sources */,
			);
			runOnlyForDeploymentPostprocessing = 0;
		};
/* End PBXSourcesBuildPhase section */

/* Begin PBXVariantGroup section */
		F953E42227BBC85100DE14B7 /* LaunchScreen.storyboard */ = {
			isa = PBXVariantGroup;
			children = (
				F953E42327BBC85100DE14B7 /* Base */,
			);
			name = LaunchScreen.storyboard;
			sourceTree = "<group>";
		};
/* End PBXVariantGroup section */

/* Begin XCBuildConfiguration section */
		F953E42627BBC85100DE14B7 /* Debug */ = {
			isa = XCBuildConfiguration;
			buildSettings = {
				ALWAYS_SEARCH_USER_PATHS = NO;
				CLANG_ANALYZER_NONNULL = YES;
				CLANG_ANALYZER_NUMBER_OBJECT_CONVERSION = YES_AGGRESSIVE;
				CLANG_CXX_LANGUAGE_STANDARD = "gnu++17";
				CLANG_CXX_LIBRARY = "libc++";
				CLANG_ENABLE_MODULES = YES;
				CLANG_ENABLE_OBJC_ARC = YES;
				CLANG_ENABLE_OBJC_WEAK = YES;
				CLANG_WARN_BLOCK_CAPTURE_AUTORELEASING = YES;
				CLANG_WARN_BOOL_CONVERSION = YES;
				CLANG_WARN_COMMA = YES;
				CLANG_WARN_CONSTANT_CONVERSION = YES;
				CLANG_WARN_DEPRECATED_OBJC_IMPLEMENTATIONS = YES;
				CLANG_WARN_DIRECT_OBJC_ISA_USAGE = YES_ERROR;
				CLANG_WARN_DOCUMENTATION_COMMENTS = YES;
				CLANG_WARN_EMPTY_BODY = YES;
				CLANG_WARN_ENUM_CONVERSION = YES;
				CLANG_WARN_INFINITE_RECURSION = YES;
				CLANG_WARN_INT_CONVERSION = YES;
				CLANG_WARN_NON_LITERAL_NULL_CONVERSION = YES;
				CLANG_WARN_OBJC_IMPLICIT_RETAIN_SELF = YES;
				CLANG_WARN_OBJC_LITERAL_CONVERSION = YES;
				CLANG_WARN_OBJC_ROOT_CLASS = YES_ERROR;
				CLANG_WARN_QUOTED_INCLUDE_IN_FRAMEWORK_HEADER = YES;
				CLANG_WARN_RANGE_LOOP_ANALYSIS = YES;
				CLANG_WARN_STRICT_PROTOTYPES = YES;
				CLANG_WARN_SUSPICIOUS_MOVE = YES;
				CLANG_WARN_UNGUARDED_AVAILABILITY = YES_AGGRESSIVE;
				CLANG_WARN_UNREACHABLE_CODE = YES;
				CLANG_WARN__DUPLICATE_METHOD_MATCH = YES;
				COPY_PHASE_STRIP = NO;
				DEBUG_INFORMATION_FORMAT = dwarf;
				ENABLE_STRICT_OBJC_MSGSEND = YES;
				ENABLE_TESTABILITY = YES;
				GCC_C_LANGUAGE_STANDARD = gnu11;
				GCC_DYNAMIC_NO_PIC = NO;
				GCC_NO_COMMON_BLOCKS = YES;
				GCC_OPTIMIZATION_LEVEL = 0;
				GCC_PREPROCESSOR_DEFINITIONS = (
					"DEBUG=1",
					"$(inherited)",
				);
				GCC_WARN_64_TO_32_BIT_CONVERSION = YES;
				GCC_WARN_ABOUT_RETURN_TYPE = YES_ERROR;
				GCC_WARN_UNDECLARED_SELECTOR = YES;
				GCC_WARN_UNINITIALIZED_AUTOS = YES_AGGRESSIVE;
				GCC_WARN_UNUSED_FUNCTION = YES;
				GCC_WARN_UNUSED_VARIABLE = YES;
				IPHONEOS_DEPLOYMENT_TARGET = 15.2;
				MTL_ENABLE_DEBUG_INFO = INCLUDE_SOURCE;
				MTL_FAST_MATH = YES;
				ONLY_ACTIVE_ARCH = YES;
				SDKROOT = iphoneos;
				SWIFT_ACTIVE_COMPILATION_CONDITIONS = DEBUG;
				SWIFT_OPTIMIZATION_LEVEL = "-Onone";
			};
			name = Debug;
		};
		F953E42727BBC85100DE14B7 /* Release */ = {
			isa = XCBuildConfiguration;
			buildSettings = {
				ALWAYS_SEARCH_USER_PATHS = NO;
				CLANG_ANALYZER_NONNULL = YES;
				CLANG_ANALYZER_NUMBER_OBJECT_CONVERSION = YES_AGGRESSIVE;
				CLANG_CXX_LANGUAGE_STANDARD = "gnu++17";
				CLANG_CXX_LIBRARY = "libc++";
				CLANG_ENABLE_MODULES = YES;
				CLANG_ENABLE_OBJC_ARC = YES;
				CLANG_ENABLE_OBJC_WEAK = YES;
				CLANG_WARN_BLOCK_CAPTURE_AUTORELEASING = YES;
				CLANG_WARN_BOOL_CONVERSION = YES;
				CLANG_WARN_COMMA = YES;
				CLANG_WARN_CONSTANT_CONVERSION = YES;
				CLANG_WARN_DEPRECATED_OBJC_IMPLEMENTATIONS = YES;
				CLANG_WARN_DIRECT_OBJC_ISA_USAGE = YES_ERROR;
				CLANG_WARN_DOCUMENTATION_COMMENTS = YES;
				CLANG_WARN_EMPTY_BODY = YES;
				CLANG_WARN_ENUM_CONVERSION = YES;
				CLANG_WARN_INFINITE_RECURSION = YES;
				CLANG_WARN_INT_CONVERSION = YES;
				CLANG_WARN_NON_LITERAL_NULL_CONVERSION = YES;
				CLANG_WARN_OBJC_IMPLICIT_RETAIN_SELF = YES;
				CLANG_WARN_OBJC_LITERAL_CONVERSION = YES;
				CLANG_WARN_OBJC_ROOT_CLASS = YES_ERROR;
				CLANG_WARN_QUOTED_INCLUDE_IN_FRAMEWORK_HEADER = YES;
				CLANG_WARN_RANGE_LOOP_ANALYSIS = YES;
				CLANG_WARN_STRICT_PROTOTYPES = YES;
				CLANG_WARN_SUSPICIOUS_MOVE = YES;
				CLANG_WARN_UNGUARDED_AVAILABILITY = YES_AGGRESSIVE;
				CLANG_WARN_UNREACHABLE_CODE = YES;
				CLANG_WARN__DUPLICATE_METHOD_MATCH = YES;
				COPY_PHASE_STRIP = NO;
				DEBUG_INFORMATION_FORMAT = "dwarf-with-dsym";
				ENABLE_NS_ASSERTIONS = NO;
				ENABLE_STRICT_OBJC_MSGSEND = YES;
				GCC_C_LANGUAGE_STANDARD = gnu11;
				GCC_NO_COMMON_BLOCKS = YES;
				GCC_WARN_64_TO_32_BIT_CONVERSION = YES;
				GCC_WARN_ABOUT_RETURN_TYPE = YES_ERROR;
				GCC_WARN_UNDECLARED_SELECTOR = YES;
				GCC_WARN_UNINITIALIZED_AUTOS = YES_AGGRESSIVE;
				GCC_WARN_UNUSED_FUNCTION = YES;
				GCC_WARN_UNUSED_VARIABLE = YES;
				IPHONEOS_DEPLOYMENT_TARGET = 15.2;
				MTL_ENABLE_DEBUG_INFO = NO;
				MTL_FAST_MATH = YES;
				SDKROOT = iphoneos;
				SWIFT_COMPILATION_MODE = wholemodule;
				SWIFT_OPTIMIZATION_LEVEL = "-O";
				VALIDATE_PRODUCT = YES;
			};
			name = Release;
		};
		F953E42927BBC85100DE14B7 /* Debug */ = {
			isa = XCBuildConfiguration;
			buildSettings = {
				ASSETCATALOG_COMPILER_APPICON_NAME = AppIcon;
				ASSETCATALOG_COMPILER_GLOBAL_ACCENT_COLOR_NAME = AccentColor;
				ASSETCATALOG_COMPILER_INCLUDE_ALL_APPICON_ASSETS = YES;
				CODE_SIGN_STYLE = Automatic;
				CURRENT_PROJECT_VERSION = 1;
				DEVELOPMENT_TEAM = 6F228H4277;
				GENERATE_INFOPLIST_FILE = YES;
				INFOPLIST_FILE = SuperheroShkliaruk/Info.plist;
				INFOPLIST_KEY_UIApplicationSupportsIndirectInputEvents = YES;
				INFOPLIST_KEY_UILaunchStoryboardName = LaunchScreen;
				INFOPLIST_KEY_UISupportedInterfaceOrientations = UIInterfaceOrientationPortrait;
				INFOPLIST_KEY_UISupportedInterfaceOrientations_iPad = "UIInterfaceOrientationPortrait UIInterfaceOrientationPortraitUpsideDown UIInterfaceOrientationLandscapeLeft UIInterfaceOrientationLandscapeRight";
				INFOPLIST_KEY_UISupportedInterfaceOrientations_iPhone = "UIInterfaceOrientationPortrait UIInterfaceOrientationLandscapeLeft UIInterfaceOrientationLandscapeRight";
				LD_RUNPATH_SEARCH_PATHS = (
					"$(inherited)",
					"@executable_path/Frameworks",
				);
				MARKETING_VERSION = 1.0;
				PRODUCT_BUNDLE_IDENTIFIER = com.devshkliaruk.SuperheroShkliaruk;
				PRODUCT_NAME = "$(TARGET_NAME)";
				SWIFT_EMIT_LOC_STRINGS = YES;
				SWIFT_VERSION = 5.0;
				TARGETED_DEVICE_FAMILY = 1;
			};
			name = Debug;
		};
		F953E42A27BBC85100DE14B7 /* Release */ = {
			isa = XCBuildConfiguration;
			buildSettings = {
				ASSETCATALOG_COMPILER_APPICON_NAME = AppIcon;
				ASSETCATALOG_COMPILER_GLOBAL_ACCENT_COLOR_NAME = AccentColor;
				ASSETCATALOG_COMPILER_INCLUDE_ALL_APPICON_ASSETS = YES;
				CODE_SIGN_STYLE = Automatic;
				CURRENT_PROJECT_VERSION = 1;
				DEVELOPMENT_TEAM = 6F228H4277;
				GENERATE_INFOPLIST_FILE = YES;
				INFOPLIST_FILE = SuperheroShkliaruk/Info.plist;
				INFOPLIST_KEY_UIApplicationSupportsIndirectInputEvents = YES;
				INFOPLIST_KEY_UILaunchStoryboardName = LaunchScreen;
				INFOPLIST_KEY_UISupportedInterfaceOrientations = UIInterfaceOrientationPortrait;
				INFOPLIST_KEY_UISupportedInterfaceOrientations_iPad = "UIInterfaceOrientationPortrait UIInterfaceOrientationPortraitUpsideDown UIInterfaceOrientationLandscapeLeft UIInterfaceOrientationLandscapeRight";
				INFOPLIST_KEY_UISupportedInterfaceOrientations_iPhone = "UIInterfaceOrientationPortrait UIInterfaceOrientationLandscapeLeft UIInterfaceOrientationLandscapeRight";
				LD_RUNPATH_SEARCH_PATHS = (
					"$(inherited)",
					"@executable_path/Frameworks",
				);
				MARKETING_VERSION = 1.0;
				PRODUCT_BUNDLE_IDENTIFIER = com.devshkliaruk.SuperheroShkliaruk;
				PRODUCT_NAME = "$(TARGET_NAME)";
				SWIFT_EMIT_LOC_STRINGS = YES;
				SWIFT_VERSION = 5.0;
				TARGETED_DEVICE_FAMILY = 1;
			};
			name = Release;
		};
/* End XCBuildConfiguration section */

/* Begin XCConfigurationList section */
		F953E40F27BBC85000DE14B7 /* Build configuration list for PBXProject "SuperheroShkliaruk" */ = {
			isa = XCConfigurationList;
			buildConfigurations = (
				F953E42627BBC85100DE14B7 /* Debug */,
				F953E42727BBC85100DE14B7 /* Release */,
			);
			defaultConfigurationIsVisible = 0;
			defaultConfigurationName = Release;
		};
		F953E42827BBC85100DE14B7 /* Build configuration list for PBXNativeTarget "SuperheroShkliaruk" */ = {
			isa = XCConfigurationList;
			buildConfigurations = (
				F953E42927BBC85100DE14B7 /* Debug */,
				F953E42A27BBC85100DE14B7 /* Release */,
			);
			defaultConfigurationIsVisible = 0;
			defaultConfigurationName = Release;
		};
/* End XCConfigurationList section */
	};
	rootObject = F953E40C27BBC85000DE14B7 /* Project object */;
}
