// !$*UTF8*$!
{
	archiveVersion = 1;
	classes = {
	};
	objectVersion = 55;
	objects = {

/* Begin PBXBuildFile section */
		F90DF82827C11E7100B76F30 /* StartViewModel.swift in Sources */ = {isa = PBXBuildFile; fileRef = F90DF82727C11E7100B76F30 /* StartViewModel.swift */; };
		F90DF82A27C11EA600B76F30 /* HomeViewModel.swift in Sources */ = {isa = PBXBuildFile; fileRef = F90DF82927C11EA600B76F30 /* HomeViewModel.swift */; };
		F92D905827E362CF0018917F /* ParameterViewModel.swift in Sources */ = {isa = PBXBuildFile; fileRef = F92D905727E362CF0018917F /* ParameterViewModel.swift */; };
		F92D905B27E365410018917F /* BaseViewModel.swift in Sources */ = {isa = PBXBuildFile; fileRef = F92D905A27E365410018917F /* BaseViewModel.swift */; };
		F92D906527E378060018917F /* ProfileParametersCell.swift in Sources */ = {isa = PBXBuildFile; fileRef = F92D906327E378060018917F /* ProfileParametersCell.swift */; };
		F92D906627E378060018917F /* ProfileParametersCell.xib in Resources */ = {isa = PBXBuildFile; fileRef = F92D906427E378060018917F /* ProfileParametersCell.xib */; };
		F92D906927E3781B0018917F /* ProfileParametersListCell.swift in Sources */ = {isa = PBXBuildFile; fileRef = F92D906727E3781B0018917F /* ProfileParametersListCell.swift */; };
		F92D906A27E3781B0018917F /* ProfileParametersListCell.xib in Resources */ = {isa = PBXBuildFile; fileRef = F92D906827E3781B0018917F /* ProfileParametersListCell.xib */; };
		F92D907627E4A5160018917F /* BodyParametersDelegate.swift in Sources */ = {isa = PBXBuildFile; fileRef = F92D907527E4A5160018917F /* BodyParametersDelegate.swift */; };
		F92D907827E4A94B0018917F /* UIView+Extension.swift in Sources */ = {isa = PBXBuildFile; fileRef = F92D907727E4A94B0018917F /* UIView+Extension.swift */; };
		F92D907A27E749640018917F /* ProfileViewControllerDelegate.swift in Sources */ = {isa = PBXBuildFile; fileRef = F92D907927E749640018917F /* ProfileViewControllerDelegate.swift */; };
		F92D908027E9208A0018917F /* ParametersViewController.swift in Sources */ = {isa = PBXBuildFile; fileRef = F92D907F27E9208A0018917F /* ParametersViewController.swift */; };
		F92D908227E9209F0018917F /* ParametersViewController.storyboard in Resources */ = {isa = PBXBuildFile; fileRef = F92D908127E9209F0018917F /* ParametersViewController.storyboard */; };
		F92D908627E9E21E0018917F /* DimmTransitionManager.swift in Sources */ = {isa = PBXBuildFile; fileRef = F92D908527E9E21E0018917F /* DimmTransitionManager.swift */; };
		F92D908827E9E2490018917F /* DimmPresentationController.swift in Sources */ = {isa = PBXBuildFile; fileRef = F92D908727E9E2490018917F /* DimmPresentationController.swift */; };
		F92D908A27EA0E230018917F /* PresentAnimation.swift in Sources */ = {isa = PBXBuildFile; fileRef = F92D908927EA0E230018917F /* PresentAnimation.swift */; };
		F92D908C27EA0E830018917F /* DismissAnimation.swift in Sources */ = {isa = PBXBuildFile; fileRef = F92D908B27EA0E830018917F /* DismissAnimation.swift */; };
		F92D908E27EA10710018917F /* PresentationController.swift in Sources */ = {isa = PBXBuildFile; fileRef = F92D908D27EA10710018917F /* PresentationController.swift */; };
		F92FF3F027F4FAB3003B97B5 /* InfoView.xib in Resources */ = {isa = PBXBuildFile; fileRef = F92FF3EF27F4FAB3003B97B5 /* InfoView.xib */; };
		F92FF3F227F4FACB003B97B5 /* InfoView.swift in Sources */ = {isa = PBXBuildFile; fileRef = F92FF3F127F4FACB003B97B5 /* InfoView.swift */; };
		F935598A27DFA8CD00229A7B /* ProfileTableHeaderView.xib in Resources */ = {isa = PBXBuildFile; fileRef = F935598927DFA8CD00229A7B /* ProfileTableHeaderView.xib */; };
		F935598C27DFA99500229A7B /* ProfileTableFooterView.xib in Resources */ = {isa = PBXBuildFile; fileRef = F935598B27DFA99500229A7B /* ProfileTableFooterView.xib */; };
		F938F61027E3465A00844F65 /* BodyParametersStorage.swift in Sources */ = {isa = PBXBuildFile; fileRef = F938F60F27E3465A00844F65 /* BodyParametersStorage.swift */; };
		F94E9F3B27EBA78800693538 /* ImagePicker.swift in Sources */ = {isa = PBXBuildFile; fileRef = F94E9F3A27EBA78800693538 /* ImagePicker.swift */; };
		F94E9F4727ECD3CA00693538 /* Profile+CoreDataClass.swift in Sources */ = {isa = PBXBuildFile; fileRef = F94E9F4527ECD3CA00693538 /* Profile+CoreDataClass.swift */; };
		F94E9F4827ECD3CA00693538 /* Profile+CoreDataProperties.swift in Sources */ = {isa = PBXBuildFile; fileRef = F94E9F4627ECD3CA00693538 /* Profile+CoreDataProperties.swift */; };
		F94E9F4B27ED0EEB00693538 /* OrderedCollections in Frameworks */ = {isa = PBXBuildFile; productRef = F94E9F4A27ED0EEB00693538 /* OrderedCollections */; };
		F94E9F4D27EDDFC200693538 /* UserProfileViewModel.swift in Sources */ = {isa = PBXBuildFile; fileRef = F94E9F4C27EDDFC200693538 /* UserProfileViewModel.swift */; };
		F953E41827BBC85000DE14B7 /* AppDelegate.swift in Sources */ = {isa = PBXBuildFile; fileRef = F953E41727BBC85000DE14B7 /* AppDelegate.swift */; };
		F953E41A27BBC85000DE14B7 /* SceneDelegate.swift in Sources */ = {isa = PBXBuildFile; fileRef = F953E41927BBC85000DE14B7 /* SceneDelegate.swift */; };
		F953E41C27BBC85000DE14B7 /* StartViewController.swift in Sources */ = {isa = PBXBuildFile; fileRef = F953E41B27BBC85000DE14B7 /* StartViewController.swift */; };
		F953E42127BBC85100DE14B7 /* Assets.xcassets in Resources */ = {isa = PBXBuildFile; fileRef = F953E42027BBC85100DE14B7 /* Assets.xcassets */; };
		F953E42427BBC85100DE14B7 /* LaunchScreen.storyboard in Resources */ = {isa = PBXBuildFile; fileRef = F953E42227BBC85100DE14B7 /* LaunchScreen.storyboard */; };
		F953E43527BBE08700DE14B7 /* Coordinator.swift in Sources */ = {isa = PBXBuildFile; fileRef = F953E43427BBE08700DE14B7 /* Coordinator.swift */; };
		F953E43727BBE0E700DE14B7 /* MainCoordinator.swift in Sources */ = {isa = PBXBuildFile; fileRef = F953E43627BBE0E700DE14B7 /* MainCoordinator.swift */; };
		F953E43A27BC088D00DE14B7 /* StartViewController.storyboard in Resources */ = {isa = PBXBuildFile; fileRef = F953E43927BC088D00DE14B7 /* StartViewController.storyboard */; };
		F953E43C27BC08FD00DE14B7 /* Storyboarded.swift in Sources */ = {isa = PBXBuildFile; fileRef = F953E43B27BC08FC00DE14B7 /* Storyboarded.swift */; };
		F968596527C3B6EB0007FF5C /* Profile.xcdatamodeld in Sources */ = {isa = PBXBuildFile; fileRef = F968596327C3B6EA0007FF5C /* Profile.xcdatamodeld */; };
		F968597727C3C4B00007FF5C /* Sex.swift in Sources */ = {isa = PBXBuildFile; fileRef = F968597627C3C4B00007FF5C /* Sex.swift */; };
		F96B771127BE64B600678747 /* HomeViewController.swift in Sources */ = {isa = PBXBuildFile; fileRef = F96B771027BE64B600678747 /* HomeViewController.swift */; };
		F96B771527BE6C7C00678747 /* HomeViewController.storyboard in Resources */ = {isa = PBXBuildFile; fileRef = F96B771427BE6C7C00678747 /* HomeViewController.storyboard */; };
		F96B771827BE810800678747 /* UIColor+CustomColors.swift in Sources */ = {isa = PBXBuildFile; fileRef = F96B771727BE810800678747 /* UIColor+CustomColors.swift */; };
		F96B771A27BE811D00678747 /* UIFont+CustomFonts.swift in Sources */ = {isa = PBXBuildFile; fileRef = F96B771927BE811D00678747 /* UIFont+CustomFonts.swift */; };
		F96B772027BE8CBC00678747 /* CustomRoundedButton.swift in Sources */ = {isa = PBXBuildFile; fileRef = F96B771F27BE8CBC00678747 /* CustomRoundedButton.swift */; };
		F96B772327BE90B200678747 /* Saira-Bold.ttf in Resources */ = {isa = PBXBuildFile; fileRef = F96B772227BE90B200678747 /* Saira-Bold.ttf */; };
		F96B772727BE90C400678747 /* Saira-Thin.ttf in Resources */ = {isa = PBXBuildFile; fileRef = F96B772427BE90C400678747 /* Saira-Thin.ttf */; };
		F96B772827BE90C400678747 /* Saira-Light.ttf in Resources */ = {isa = PBXBuildFile; fileRef = F96B772527BE90C400678747 /* Saira-Light.ttf */; };
		F96B772927BE90C400678747 /* Saira-Regular.ttf in Resources */ = {isa = PBXBuildFile; fileRef = F96B772627BE90C400678747 /* Saira-Regular.ttf */; };
		F96B772B27BE90EC00678747 /* Saira-SemiBold.ttf in Resources */ = {isa = PBXBuildFile; fileRef = F96B772A27BE90EC00678747 /* Saira-SemiBold.ttf */; };
		F96B772D27BE98A900678747 /* UIView+Gradient.swift in Sources */ = {isa = PBXBuildFile; fileRef = F96B772C27BE98A900678747 /* UIView+Gradient.swift */; };
		F97121D227E26CBE0095B8C9 /* BaseViewController.swift in Sources */ = {isa = PBXBuildFile; fileRef = F97121D027E26CBE0095B8C9 /* BaseViewController.swift */; };
		F97121D927E26E6B0095B8C9 /* BaseViewController.storyboard in Resources */ = {isa = PBXBuildFile; fileRef = F97121D827E26E6B0095B8C9 /* BaseViewController.storyboard */; };
		F976555927F0C8610099616D /* BodyParameter+CoreDataClass.swift in Sources */ = {isa = PBXBuildFile; fileRef = F976555727F0C8610099616D /* BodyParameter+CoreDataClass.swift */; };
		F976555A27F0C8610099616D /* BodyParameter+CoreDataProperties.swift in Sources */ = {isa = PBXBuildFile; fileRef = F976555827F0C8610099616D /* BodyParameter+CoreDataProperties.swift */; };
		F98425F927DFB0D9002F2196 /* ProfileTableHeaderView.swift in Sources */ = {isa = PBXBuildFile; fileRef = F98425F827DFB0D9002F2196 /* ProfileTableHeaderView.swift */; };
		F98425FB27DFB111002F2196 /* ProfileTableFooterView.swift in Sources */ = {isa = PBXBuildFile; fileRef = F98425FA27DFB111002F2196 /* ProfileTableFooterView.swift */; };
		F989AF3027E0AED8008751FB /* Profile+Sex.swift in Sources */ = {isa = PBXBuildFile; fileRef = F989AF2F27E0AED8008751FB /* Profile+Sex.swift */; };
		F99706E527C65D7300C24B50 /* MenuTableViewCell.swift in Sources */ = {isa = PBXBuildFile; fileRef = F99706E327C65D7300C24B50 /* MenuTableViewCell.swift */; };
		F99706E627C65D7300C24B50 /* MenuTableViewCell.xib in Resources */ = {isa = PBXBuildFile; fileRef = F99706E427C65D7300C24B50 /* MenuTableViewCell.xib */; };
		F99706E827C662DF00C24B50 /* Coordinator+Calculator.swift in Sources */ = {isa = PBXBuildFile; fileRef = F99706E727C662DF00C24B50 /* Coordinator+Calculator.swift */; };
		F99706EA27C662F100C24B50 /* Coordinator+Muscles.swift in Sources */ = {isa = PBXBuildFile; fileRef = F99706E927C662F100C24B50 /* Coordinator+Muscles.swift */; };
		F99706EC27C662FC00C24B50 /* Coordinator+Profile.swift in Sources */ = {isa = PBXBuildFile; fileRef = F99706EB27C662FC00C24B50 /* Coordinator+Profile.swift */; };
		F99706EE27C6630900C24B50 /* Coordinator+Programs.swift in Sources */ = {isa = PBXBuildFile; fileRef = F99706ED27C6630900C24B50 /* Coordinator+Programs.swift */; };
		F99706F027C6631700C24B50 /* Coordinator+Progress.swift in Sources */ = {isa = PBXBuildFile; fileRef = F99706EF27C6631700C24B50 /* Coordinator+Progress.swift */; };
		F99706F527C6659300C24B50 /* CalculatorViewController.swift in Sources */ = {isa = PBXBuildFile; fileRef = F99706F427C6659300C24B50 /* CalculatorViewController.swift */; };
		F99706F727C665B100C24B50 /* MusclesViewController.swift in Sources */ = {isa = PBXBuildFile; fileRef = F99706F627C665B100C24B50 /* MusclesViewController.swift */; };
		F99706F927C665BB00C24B50 /* ProfileViewController.swift in Sources */ = {isa = PBXBuildFile; fileRef = F99706F827C665BB00C24B50 /* ProfileViewController.swift */; };
		F99706FB27C665CC00C24B50 /* ProgramsViewController.swift in Sources */ = {isa = PBXBuildFile; fileRef = F99706FA27C665CC00C24B50 /* ProgramsViewController.swift */; };
		F99706FD27C665D700C24B50 /* ProgressViewController.swift in Sources */ = {isa = PBXBuildFile; fileRef = F99706FC27C665D700C24B50 /* ProgressViewController.swift */; };
		F99706FF27C6660400C24B50 /* CalculatorViewController.storyboard in Resources */ = {isa = PBXBuildFile; fileRef = F99706FE27C6660400C24B50 /* CalculatorViewController.storyboard */; };
		F997070127C6661C00C24B50 /* CalculatorViewModel.swift in Sources */ = {isa = PBXBuildFile; fileRef = F997070027C6661C00C24B50 /* CalculatorViewModel.swift */; };
		F997070327C6662E00C24B50 /* MusclesViewModel.swift in Sources */ = {isa = PBXBuildFile; fileRef = F997070227C6662D00C24B50 /* MusclesViewModel.swift */; };
		F997070527C6663B00C24B50 /* ProfileViewModel.swift in Sources */ = {isa = PBXBuildFile; fileRef = F997070427C6663B00C24B50 /* ProfileViewModel.swift */; };
		F997070727C6664700C24B50 /* ProgramsViewModel.swift in Sources */ = {isa = PBXBuildFile; fileRef = F997070627C6664700C24B50 /* ProgramsViewModel.swift */; };
		F997070927C6665600C24B50 /* ProgressViewModel.swift in Sources */ = {isa = PBXBuildFile; fileRef = F997070827C6665600C24B50 /* ProgressViewModel.swift */; };
		F997070B27C6B0F900C24B50 /* MusclesViewController.storyboard in Resources */ = {isa = PBXBuildFile; fileRef = F997070A27C6B0F900C24B50 /* MusclesViewController.storyboard */; };
		F997070D27C6B11000C24B50 /* ProfileViewController.storyboard in Resources */ = {isa = PBXBuildFile; fileRef = F997070C27C6B11000C24B50 /* ProfileViewController.storyboard */; };
		F997070F27C6B12200C24B50 /* ProgramsViewController.storyboard in Resources */ = {isa = PBXBuildFile; fileRef = F997070E27C6B12200C24B50 /* ProgramsViewController.storyboard */; };
		F997071127C6B13100C24B50 /* ProgressViewController.storyboard in Resources */ = {isa = PBXBuildFile; fileRef = F997071027C6B13100C24B50 /* ProgressViewController.storyboard */; };
		F997071327C6C05F00C24B50 /* Saira-Medium.ttf in Resources */ = {isa = PBXBuildFile; fileRef = F997071227C6C05F00C24B50 /* Saira-Medium.ttf */; };
		F9D68A2E27C12D18005F551E /* ProfileManager.swift in Sources */ = {isa = PBXBuildFile; fileRef = F9D68A2D27C12D18005F551E /* ProfileManager.swift */; };
		F9D8F1E827F043DC00D2365D /* HomeParametersCell.swift in Sources */ = {isa = PBXBuildFile; fileRef = F9D8F1E627F043DC00D2365D /* HomeParametersCell.swift */; };
		F9D8F1E927F043DC00D2365D /* HomeParametersCell.xib in Resources */ = {isa = PBXBuildFile; fileRef = F9D8F1E727F043DC00D2365D /* HomeParametersCell.xib */; };
		F9D8F1EC27F081CE00D2365D /* Gilroy-Semibold.ttf in Resources */ = {isa = PBXBuildFile; fileRef = F9D8F1EB27F081CE00D2365D /* Gilroy-Semibold.ttf */; };
		F9FF38D127DB652F00DDA957 /* UITextField+Extension.swift in Sources */ = {isa = PBXBuildFile; fileRef = F9FF38D027DB652F00DDA957 /* UITextField+Extension.swift */; };
/* End PBXBuildFile section */

/* Begin PBXFileReference section */
		F90DF82727C11E7100B76F30 /* StartViewModel.swift */ = {isa = PBXFileReference; lastKnownFileType = sourcecode.swift; path = StartViewModel.swift; sourceTree = "<group>"; };
		F90DF82927C11EA600B76F30 /* HomeViewModel.swift */ = {isa = PBXFileReference; lastKnownFileType = sourcecode.swift; path = HomeViewModel.swift; sourceTree = "<group>"; };
		F92D905727E362CF0018917F /* ParameterViewModel.swift */ = {isa = PBXFileReference; lastKnownFileType = sourcecode.swift; path = ParameterViewModel.swift; sourceTree = "<group>"; };
		F92D905A27E365410018917F /* BaseViewModel.swift */ = {isa = PBXFileReference; lastKnownFileType = sourcecode.swift; path = BaseViewModel.swift; sourceTree = "<group>"; };
		F92D906327E378060018917F /* ProfileParametersCell.swift */ = {isa = PBXFileReference; lastKnownFileType = sourcecode.swift; path = ProfileParametersCell.swift; sourceTree = "<group>"; };
		F92D906427E378060018917F /* ProfileParametersCell.xib */ = {isa = PBXFileReference; lastKnownFileType = file.xib; path = ProfileParametersCell.xib; sourceTree = "<group>"; };
		F92D906727E3781B0018917F /* ProfileParametersListCell.swift */ = {isa = PBXFileReference; lastKnownFileType = sourcecode.swift; path = ProfileParametersListCell.swift; sourceTree = "<group>"; };
		F92D906827E3781B0018917F /* ProfileParametersListCell.xib */ = {isa = PBXFileReference; lastKnownFileType = file.xib; path = ProfileParametersListCell.xib; sourceTree = "<group>"; };
		F92D907527E4A5160018917F /* BodyParametersDelegate.swift */ = {isa = PBXFileReference; lastKnownFileType = sourcecode.swift; path = BodyParametersDelegate.swift; sourceTree = "<group>"; };
		F92D907727E4A94B0018917F /* UIView+Extension.swift */ = {isa = PBXFileReference; lastKnownFileType = sourcecode.swift; path = "UIView+Extension.swift"; sourceTree = "<group>"; };
		F92D907927E749640018917F /* ProfileViewControllerDelegate.swift */ = {isa = PBXFileReference; lastKnownFileType = sourcecode.swift; path = ProfileViewControllerDelegate.swift; sourceTree = "<group>"; };
		F92D907F27E9208A0018917F /* ParametersViewController.swift */ = {isa = PBXFileReference; lastKnownFileType = sourcecode.swift; path = ParametersViewController.swift; sourceTree = "<group>"; };
		F92D908127E9209F0018917F /* ParametersViewController.storyboard */ = {isa = PBXFileReference; lastKnownFileType = file.storyboard; path = ParametersViewController.storyboard; sourceTree = "<group>"; };
		F92D908527E9E21E0018917F /* DimmTransitionManager.swift */ = {isa = PBXFileReference; lastKnownFileType = sourcecode.swift; path = DimmTransitionManager.swift; sourceTree = "<group>"; };
		F92D908727E9E2490018917F /* DimmPresentationController.swift */ = {isa = PBXFileReference; lastKnownFileType = sourcecode.swift; path = DimmPresentationController.swift; sourceTree = "<group>"; };
		F92D908927EA0E230018917F /* PresentAnimation.swift */ = {isa = PBXFileReference; lastKnownFileType = sourcecode.swift; path = PresentAnimation.swift; sourceTree = "<group>"; };
		F92D908B27EA0E830018917F /* DismissAnimation.swift */ = {isa = PBXFileReference; lastKnownFileType = sourcecode.swift; path = DismissAnimation.swift; sourceTree = "<group>"; };
		F92D908D27EA10710018917F /* PresentationController.swift */ = {isa = PBXFileReference; lastKnownFileType = sourcecode.swift; path = PresentationController.swift; sourceTree = "<group>"; };
		F92FF3EF27F4FAB3003B97B5 /* InfoView.xib */ = {isa = PBXFileReference; lastKnownFileType = file.xib; path = InfoView.xib; sourceTree = "<group>"; };
		F92FF3F127F4FACB003B97B5 /* InfoView.swift */ = {isa = PBXFileReference; lastKnownFileType = sourcecode.swift; path = InfoView.swift; sourceTree = "<group>"; };
		F935598927DFA8CD00229A7B /* ProfileTableHeaderView.xib */ = {isa = PBXFileReference; lastKnownFileType = file.xib; path = ProfileTableHeaderView.xib; sourceTree = "<group>"; };
		F935598B27DFA99500229A7B /* ProfileTableFooterView.xib */ = {isa = PBXFileReference; lastKnownFileType = file.xib; path = ProfileTableFooterView.xib; sourceTree = "<group>"; };
		F938F60F27E3465A00844F65 /* BodyParametersStorage.swift */ = {isa = PBXFileReference; lastKnownFileType = sourcecode.swift; path = BodyParametersStorage.swift; sourceTree = "<group>"; };
		F94E9F3A27EBA78800693538 /* ImagePicker.swift */ = {isa = PBXFileReference; lastKnownFileType = sourcecode.swift; path = ImagePicker.swift; sourceTree = "<group>"; };
		F94E9F4527ECD3CA00693538 /* Profile+CoreDataClass.swift */ = {isa = PBXFileReference; lastKnownFileType = sourcecode.swift; path = "Profile+CoreDataClass.swift"; sourceTree = "<group>"; };
		F94E9F4627ECD3CA00693538 /* Profile+CoreDataProperties.swift */ = {isa = PBXFileReference; lastKnownFileType = sourcecode.swift; path = "Profile+CoreDataProperties.swift"; sourceTree = "<group>"; };
		F94E9F4C27EDDFC200693538 /* UserProfileViewModel.swift */ = {isa = PBXFileReference; lastKnownFileType = sourcecode.swift; path = UserProfileViewModel.swift; sourceTree = "<group>"; };
		F953E41427BBC85000DE14B7 /* SuperheroShkliaruk.app */ = {isa = PBXFileReference; explicitFileType = wrapper.application; includeInIndex = 0; path = SuperheroShkliaruk.app; sourceTree = BUILT_PRODUCTS_DIR; };
		F953E41727BBC85000DE14B7 /* AppDelegate.swift */ = {isa = PBXFileReference; lastKnownFileType = sourcecode.swift; path = AppDelegate.swift; sourceTree = "<group>"; };
		F953E41927BBC85000DE14B7 /* SceneDelegate.swift */ = {isa = PBXFileReference; lastKnownFileType = sourcecode.swift; path = SceneDelegate.swift; sourceTree = "<group>"; };
		F953E41B27BBC85000DE14B7 /* StartViewController.swift */ = {isa = PBXFileReference; lastKnownFileType = sourcecode.swift; path = StartViewController.swift; sourceTree = "<group>"; };
		F953E42027BBC85100DE14B7 /* Assets.xcassets */ = {isa = PBXFileReference; lastKnownFileType = folder.assetcatalog; path = Assets.xcassets; sourceTree = "<group>"; };
		F953E42327BBC85100DE14B7 /* Base */ = {isa = PBXFileReference; lastKnownFileType = file.storyboard; name = Base; path = Base.lproj/LaunchScreen.storyboard; sourceTree = "<group>"; };
		F953E42527BBC85100DE14B7 /* Info.plist */ = {isa = PBXFileReference; lastKnownFileType = text.plist.xml; path = Info.plist; sourceTree = "<group>"; };
		F953E43427BBE08700DE14B7 /* Coordinator.swift */ = {isa = PBXFileReference; lastKnownFileType = sourcecode.swift; path = Coordinator.swift; sourceTree = "<group>"; };
		F953E43627BBE0E700DE14B7 /* MainCoordinator.swift */ = {isa = PBXFileReference; lastKnownFileType = sourcecode.swift; path = MainCoordinator.swift; sourceTree = "<group>"; };
		F953E43927BC088D00DE14B7 /* StartViewController.storyboard */ = {isa = PBXFileReference; lastKnownFileType = file.storyboard; path = StartViewController.storyboard; sourceTree = "<group>"; };
		F953E43B27BC08FC00DE14B7 /* Storyboarded.swift */ = {isa = PBXFileReference; lastKnownFileType = sourcecode.swift; path = Storyboarded.swift; sourceTree = "<group>"; };
		F968596427C3B6EB0007FF5C /* Profile.xcdatamodel */ = {isa = PBXFileReference; lastKnownFileType = wrapper.xcdatamodel; path = Profile.xcdatamodel; sourceTree = "<group>"; };
		F968597627C3C4B00007FF5C /* Sex.swift */ = {isa = PBXFileReference; lastKnownFileType = sourcecode.swift; path = Sex.swift; sourceTree = "<group>"; };
		F96B771027BE64B600678747 /* HomeViewController.swift */ = {isa = PBXFileReference; lastKnownFileType = sourcecode.swift; path = HomeViewController.swift; sourceTree = "<group>"; };
		F96B771427BE6C7C00678747 /* HomeViewController.storyboard */ = {isa = PBXFileReference; lastKnownFileType = file.storyboard; path = HomeViewController.storyboard; sourceTree = "<group>"; };
		F96B771727BE810800678747 /* UIColor+CustomColors.swift */ = {isa = PBXFileReference; lastKnownFileType = sourcecode.swift; path = "UIColor+CustomColors.swift"; sourceTree = "<group>"; };
		F96B771927BE811D00678747 /* UIFont+CustomFonts.swift */ = {isa = PBXFileReference; lastKnownFileType = sourcecode.swift; path = "UIFont+CustomFonts.swift"; sourceTree = "<group>"; };
		F96B771F27BE8CBC00678747 /* CustomRoundedButton.swift */ = {isa = PBXFileReference; lastKnownFileType = sourcecode.swift; path = CustomRoundedButton.swift; sourceTree = "<group>"; };
		F96B772227BE90B200678747 /* Saira-Bold.ttf */ = {isa = PBXFileReference; lastKnownFileType = file; path = "Saira-Bold.ttf"; sourceTree = "<group>"; };
		F96B772427BE90C400678747 /* Saira-Thin.ttf */ = {isa = PBXFileReference; lastKnownFileType = file; path = "Saira-Thin.ttf"; sourceTree = "<group>"; };
		F96B772527BE90C400678747 /* Saira-Light.ttf */ = {isa = PBXFileReference; lastKnownFileType = file; path = "Saira-Light.ttf"; sourceTree = "<group>"; };
		F96B772627BE90C400678747 /* Saira-Regular.ttf */ = {isa = PBXFileReference; lastKnownFileType = file; path = "Saira-Regular.ttf"; sourceTree = "<group>"; };
		F96B772A27BE90EC00678747 /* Saira-SemiBold.ttf */ = {isa = PBXFileReference; lastKnownFileType = file; path = "Saira-SemiBold.ttf"; sourceTree = "<group>"; };
		F96B772C27BE98A900678747 /* UIView+Gradient.swift */ = {isa = PBXFileReference; lastKnownFileType = sourcecode.swift; path = "UIView+Gradient.swift"; sourceTree = "<group>"; };
		F97121D027E26CBE0095B8C9 /* BaseViewController.swift */ = {isa = PBXFileReference; lastKnownFileType = sourcecode.swift; path = BaseViewController.swift; sourceTree = "<group>"; };
		F97121D827E26E6B0095B8C9 /* BaseViewController.storyboard */ = {isa = PBXFileReference; lastKnownFileType = file.storyboard; path = BaseViewController.storyboard; sourceTree = "<group>"; };
		F976555727F0C8610099616D /* BodyParameter+CoreDataClass.swift */ = {isa = PBXFileReference; lastKnownFileType = sourcecode.swift; path = "BodyParameter+CoreDataClass.swift"; sourceTree = "<group>"; };
		F976555827F0C8610099616D /* BodyParameter+CoreDataProperties.swift */ = {isa = PBXFileReference; lastKnownFileType = sourcecode.swift; path = "BodyParameter+CoreDataProperties.swift"; sourceTree = "<group>"; };
		F98425F827DFB0D9002F2196 /* ProfileTableHeaderView.swift */ = {isa = PBXFileReference; lastKnownFileType = sourcecode.swift; path = ProfileTableHeaderView.swift; sourceTree = "<group>"; };
		F98425FA27DFB111002F2196 /* ProfileTableFooterView.swift */ = {isa = PBXFileReference; lastKnownFileType = sourcecode.swift; path = ProfileTableFooterView.swift; sourceTree = "<group>"; };
		F989AF2F27E0AED8008751FB /* Profile+Sex.swift */ = {isa = PBXFileReference; lastKnownFileType = sourcecode.swift; path = "Profile+Sex.swift"; sourceTree = "<group>"; };
		F99706E327C65D7300C24B50 /* MenuTableViewCell.swift */ = {isa = PBXFileReference; lastKnownFileType = sourcecode.swift; path = MenuTableViewCell.swift; sourceTree = "<group>"; };
		F99706E427C65D7300C24B50 /* MenuTableViewCell.xib */ = {isa = PBXFileReference; lastKnownFileType = file.xib; path = MenuTableViewCell.xib; sourceTree = "<group>"; };
		F99706E727C662DF00C24B50 /* Coordinator+Calculator.swift */ = {isa = PBXFileReference; lastKnownFileType = sourcecode.swift; path = "Coordinator+Calculator.swift"; sourceTree = "<group>"; };
		F99706E927C662F100C24B50 /* Coordinator+Muscles.swift */ = {isa = PBXFileReference; lastKnownFileType = sourcecode.swift; path = "Coordinator+Muscles.swift"; sourceTree = "<group>"; };
		F99706EB27C662FC00C24B50 /* Coordinator+Profile.swift */ = {isa = PBXFileReference; lastKnownFileType = sourcecode.swift; path = "Coordinator+Profile.swift"; sourceTree = "<group>"; };
		F99706ED27C6630900C24B50 /* Coordinator+Programs.swift */ = {isa = PBXFileReference; lastKnownFileType = sourcecode.swift; path = "Coordinator+Programs.swift"; sourceTree = "<group>"; };
		F99706EF27C6631700C24B50 /* Coordinator+Progress.swift */ = {isa = PBXFileReference; lastKnownFileType = sourcecode.swift; path = "Coordinator+Progress.swift"; sourceTree = "<group>"; };
		F99706F427C6659300C24B50 /* CalculatorViewController.swift */ = {isa = PBXFileReference; lastKnownFileType = sourcecode.swift; path = CalculatorViewController.swift; sourceTree = "<group>"; };
		F99706F627C665B100C24B50 /* MusclesViewController.swift */ = {isa = PBXFileReference; lastKnownFileType = sourcecode.swift; path = MusclesViewController.swift; sourceTree = "<group>"; };
		F99706F827C665BB00C24B50 /* ProfileViewController.swift */ = {isa = PBXFileReference; lastKnownFileType = sourcecode.swift; path = ProfileViewController.swift; sourceTree = "<group>"; };
		F99706FA27C665CC00C24B50 /* ProgramsViewController.swift */ = {isa = PBXFileReference; lastKnownFileType = sourcecode.swift; path = ProgramsViewController.swift; sourceTree = "<group>"; };
		F99706FC27C665D700C24B50 /* ProgressViewController.swift */ = {isa = PBXFileReference; lastKnownFileType = sourcecode.swift; path = ProgressViewController.swift; sourceTree = "<group>"; };
		F99706FE27C6660400C24B50 /* CalculatorViewController.storyboard */ = {isa = PBXFileReference; lastKnownFileType = file.storyboard; path = CalculatorViewController.storyboard; sourceTree = "<group>"; };
		F997070027C6661C00C24B50 /* CalculatorViewModel.swift */ = {isa = PBXFileReference; lastKnownFileType = sourcecode.swift; path = CalculatorViewModel.swift; sourceTree = "<group>"; };
		F997070227C6662D00C24B50 /* MusclesViewModel.swift */ = {isa = PBXFileReference; lastKnownFileType = sourcecode.swift; path = MusclesViewModel.swift; sourceTree = "<group>"; };
		F997070427C6663B00C24B50 /* ProfileViewModel.swift */ = {isa = PBXFileReference; lastKnownFileType = sourcecode.swift; path = ProfileViewModel.swift; sourceTree = "<group>"; };
		F997070627C6664700C24B50 /* ProgramsViewModel.swift */ = {isa = PBXFileReference; lastKnownFileType = sourcecode.swift; path = ProgramsViewModel.swift; sourceTree = "<group>"; };
		F997070827C6665600C24B50 /* ProgressViewModel.swift */ = {isa = PBXFileReference; lastKnownFileType = sourcecode.swift; path = ProgressViewModel.swift; sourceTree = "<group>"; };
		F997070A27C6B0F900C24B50 /* MusclesViewController.storyboard */ = {isa = PBXFileReference; lastKnownFileType = file.storyboard; path = MusclesViewController.storyboard; sourceTree = "<group>"; };
		F997070C27C6B11000C24B50 /* ProfileViewController.storyboard */ = {isa = PBXFileReference; lastKnownFileType = file.storyboard; path = ProfileViewController.storyboard; sourceTree = "<group>"; };
		F997070E27C6B12200C24B50 /* ProgramsViewController.storyboard */ = {isa = PBXFileReference; lastKnownFileType = file.storyboard; path = ProgramsViewController.storyboard; sourceTree = "<group>"; };
		F997071027C6B13100C24B50 /* ProgressViewController.storyboard */ = {isa = PBXFileReference; lastKnownFileType = file.storyboard; path = ProgressViewController.storyboard; sourceTree = "<group>"; };
		F997071227C6C05F00C24B50 /* Saira-Medium.ttf */ = {isa = PBXFileReference; lastKnownFileType = file; path = "Saira-Medium.ttf"; sourceTree = "<group>"; };
		F9D68A2D27C12D18005F551E /* ProfileManager.swift */ = {isa = PBXFileReference; lastKnownFileType = sourcecode.swift; path = ProfileManager.swift; sourceTree = "<group>"; };
		F9D8F1E627F043DC00D2365D /* HomeParametersCell.swift */ = {isa = PBXFileReference; lastKnownFileType = sourcecode.swift; path = HomeParametersCell.swift; sourceTree = "<group>"; };
		F9D8F1E727F043DC00D2365D /* HomeParametersCell.xib */ = {isa = PBXFileReference; lastKnownFileType = file.xib; path = HomeParametersCell.xib; sourceTree = "<group>"; };
		F9D8F1EB27F081CE00D2365D /* Gilroy-Semibold.ttf */ = {isa = PBXFileReference; lastKnownFileType = file; path = "Gilroy-Semibold.ttf"; sourceTree = "<group>"; };
		F9FF38D027DB652F00DDA957 /* UITextField+Extension.swift */ = {isa = PBXFileReference; lastKnownFileType = sourcecode.swift; path = "UITextField+Extension.swift"; sourceTree = "<group>"; };
/* End PBXFileReference section */

/* Begin PBXFrameworksBuildPhase section */
		F953E41127BBC85000DE14B7 /* Frameworks */ = {
			isa = PBXFrameworksBuildPhase;
			buildActionMask = 2147483647;
			files = (
				F94E9F4B27ED0EEB00693538 /* OrderedCollections in Frameworks */,
			);
			runOnlyForDeploymentPostprocessing = 0;
		};
/* End PBXFrameworksBuildPhase section */

/* Begin PBXGroup section */
		F90DF82527C11E5700B76F30 /* Start */ = {
			isa = PBXGroup;
			children = (
				F90DF82727C11E7100B76F30 /* StartViewModel.swift */,
			);
			path = Start;
			sourceTree = "<group>";
		};
		F90DF82627C11E5D00B76F30 /* Home */ = {
			isa = PBXGroup;
			children = (
				F90DF82927C11EA600B76F30 /* HomeViewModel.swift */,
			);
			path = Home;
			sourceTree = "<group>";
		};
		F92D905927E365360018917F /* Base */ = {
			isa = PBXGroup;
			children = (
				F92D905A27E365410018917F /* BaseViewModel.swift */,
			);
			path = Base;
			sourceTree = "<group>";
		};
		F92D907427E4A5030018917F /* Profile */ = {
			isa = PBXGroup;
			children = (
				F92D907527E4A5160018917F /* BodyParametersDelegate.swift */,
				F92D907927E749640018917F /* ProfileViewControllerDelegate.swift */,
			);
			path = Profile;
			sourceTree = "<group>";
		};
		F92D908327E9E1DC0018917F /* Helpers */ = {
			isa = PBXGroup;
			children = (
				F92D908427E9E1EE0018917F /* Transition */,
				F94E9F3C27EBA81D00693538 /* ImagePicker */,
			);
			path = Helpers;
			sourceTree = "<group>";
		};
		F92D908427E9E1EE0018917F /* Transition */ = {
			isa = PBXGroup;
			children = (
				F92D908527E9E21E0018917F /* DimmTransitionManager.swift */,
				F92D908727E9E2490018917F /* DimmPresentationController.swift */,
				F92D908927EA0E230018917F /* PresentAnimation.swift */,
				F92D908B27EA0E830018917F /* DismissAnimation.swift */,
				F92D908D27EA10710018917F /* PresentationController.swift */,
			);
			path = Transition;
			sourceTree = "<group>";
		};
		F92FF3EE27F4FA9C003B97B5 /* InfoView */ = {
			isa = PBXGroup;
			children = (
				F92FF3EF27F4FAB3003B97B5 /* InfoView.xib */,
				F92FF3F127F4FACB003B97B5 /* InfoView.swift */,
			);
			path = InfoView;
			sourceTree = "<group>";
		};
		F935598D27DFB05400229A7B /* Profile */ = {
			isa = PBXGroup;
			children = (
				F94E9F5827F0411700693538 /* Cells */,
				F935598F27DFB07000229A7B /* ProfileTableFooterView */,
				F935598E27DFB06800229A7B /* ProfileTableHeaderView */,
			);
			path = Profile;
			sourceTree = "<group>";
		};
		F935598E27DFB06800229A7B /* ProfileTableHeaderView */ = {
			isa = PBXGroup;
			children = (
				F935598927DFA8CD00229A7B /* ProfileTableHeaderView.xib */,
				F98425F827DFB0D9002F2196 /* ProfileTableHeaderView.swift */,
			);
			path = ProfileTableHeaderView;
			sourceTree = "<group>";
		};
		F935598F27DFB07000229A7B /* ProfileTableFooterView */ = {
			isa = PBXGroup;
			children = (
				F935598B27DFA99500229A7B /* ProfileTableFooterView.xib */,
				F98425FA27DFB111002F2196 /* ProfileTableFooterView.swift */,
			);
			path = ProfileTableFooterView;
			sourceTree = "<group>";
		};
		F94E9F3C27EBA81D00693538 /* ImagePicker */ = {
			isa = PBXGroup;
			children = (
				F94E9F3A27EBA78800693538 /* ImagePicker.swift */,
			);
			path = ImagePicker;
			sourceTree = "<group>";
		};
		F94E9F5627F0408500693538 /* ProfileParametersCell */ = {
			isa = PBXGroup;
			children = (
				F92D906327E378060018917F /* ProfileParametersCell.swift */,
				F92D906427E378060018917F /* ProfileParametersCell.xib */,
			);
			path = ProfileParametersCell;
			sourceTree = "<group>";
		};
		F94E9F5727F040A500693538 /* ProfileParametersListCell */ = {
			isa = PBXGroup;
			children = (
				F92D906727E3781B0018917F /* ProfileParametersListCell.swift */,
				F92D906827E3781B0018917F /* ProfileParametersListCell.xib */,
			);
			path = ProfileParametersListCell;
			sourceTree = "<group>";
		};
		F94E9F5827F0411700693538 /* Cells */ = {
			isa = PBXGroup;
			children = (
				F94E9F5627F0408500693538 /* ProfileParametersCell */,
				F94E9F5727F040A500693538 /* ProfileParametersListCell */,
			);
			path = Cells;
			sourceTree = "<group>";
		};
		F94E9F5927F0419200693538 /* Home */ = {
			isa = PBXGroup;
			children = (
				F94E9F5A27F041A500693538 /* HomeParametersCell */,
			);
			path = Home;
			sourceTree = "<group>";
		};
		F94E9F5A27F041A500693538 /* HomeParametersCell */ = {
			isa = PBXGroup;
			children = (
				F9D8F1E627F043DC00D2365D /* HomeParametersCell.swift */,
				F9D8F1E727F043DC00D2365D /* HomeParametersCell.xib */,
			);
			path = HomeParametersCell;
			sourceTree = "<group>";
		};
		F953E40B27BBC85000DE14B7 = {
			isa = PBXGroup;
			children = (
				F953E41627BBC85000DE14B7 /* SuperheroShkliaruk */,
				F953E41527BBC85000DE14B7 /* Products */,
			);
			sourceTree = "<group>";
		};
		F953E41527BBC85000DE14B7 /* Products */ = {
			isa = PBXGroup;
			children = (
				F953E41427BBC85000DE14B7 /* SuperheroShkliaruk.app */,
			);
			name = Products;
			sourceTree = "<group>";
		};
		F953E41627BBC85000DE14B7 /* SuperheroShkliaruk */ = {
			isa = PBXGroup;
			children = (
				F96B771627BE80CD00678747 /* Extensions */,
				F953E42D27BBDF4000DE14B7 /* Protocols */,
				F953E42C27BBDF2900DE14B7 /* Presentation */,
				F953E42B27BBDF1A00DE14B7 /* Models */,
				F96B771B27BE822D00678747 /* Resources */,
				F953E42527BBC85100DE14B7 /* Info.plist */,
				F953E41727BBC85000DE14B7 /* AppDelegate.swift */,
				F953E41927BBC85000DE14B7 /* SceneDelegate.swift */,
			);
			path = SuperheroShkliaruk;
			sourceTree = "<group>";
		};
		F953E42B27BBDF1A00DE14B7 /* Models */ = {
			isa = PBXGroup;
			children = (
				F9D68A2C27C12CEF005F551E /* Profile */,
				F9D68A2B27C12CDC005F551E /* ProfileCoreData */,
			);
			path = Models;
			sourceTree = "<group>";
		};
		F953E42C27BBDF2900DE14B7 /* Presentation */ = {
			isa = PBXGroup;
			children = (
				F92D908327E9E1DC0018917F /* Helpers */,
				F953E43227BBDF8E00DE14B7 /* Coordinator */,
				F953E43127BBDF7F00DE14B7 /* Storyboards */,
				F953E43027BBDF6E00DE14B7 /* ViewControllers */,
				F953E42F27BBDF6200DE14B7 /* ViewModels */,
				F953E42E27BBDF5A00DE14B7 /* Views */,
			);
			path = Presentation;
			sourceTree = "<group>";
		};
		F953E42D27BBDF4000DE14B7 /* Protocols */ = {
			isa = PBXGroup;
			children = (
				F92D907427E4A5030018917F /* Profile */,
				F953E43327BBE07600DE14B7 /* Coordinator */,
				F953E43B27BC08FC00DE14B7 /* Storyboarded.swift */,
			);
			path = Protocols;
			sourceTree = "<group>";
		};
		F953E42E27BBDF5A00DE14B7 /* Views */ = {
			isa = PBXGroup;
			children = (
				F92FF3EE27F4FA9C003B97B5 /* InfoView */,
				F94E9F5927F0419200693538 /* Home */,
				F935598D27DFB05400229A7B /* Profile */,
				F99706E227C65D3D00C24B50 /* Cells */,
				F968596227C3AD0C0007FF5C /* Buttons */,
			);
			path = Views;
			sourceTree = "<group>";
		};
		F953E42F27BBDF6200DE14B7 /* ViewModels */ = {
			isa = PBXGroup;
			children = (
				F92D905927E365360018917F /* Base */,
				F90DF82527C11E5700B76F30 /* Start */,
				F90DF82627C11E5D00B76F30 /* Home */,
				F997072027C6D33200C24B50 /* Calculator */,
				F997072127C6D33900C24B50 /* Muscles */,
				F997072227C6D33F00C24B50 /* Profile */,
				F997072327C6D34500C24B50 /* Programs */,
				F997072427C6D34D00C24B50 /* Progress */,
			);
			path = ViewModels;
			sourceTree = "<group>";
		};
		F953E43027BBDF6E00DE14B7 /* ViewControllers */ = {
			isa = PBXGroup;
			children = (
				F97121CF27E26CA00095B8C9 /* Base */,
				F96B771227BE656800678747 /* Start */,
				F96B771327BE656F00678747 /* Home */,
				F99706F327C664A100C24B50 /* Calculator */,
				F997071627C6D28200C24B50 /* Muscles */,
				F997071727C6D28C00C24B50 /* Profile */,
				F997071827C6D29300C24B50 /* Programs */,
				F997071927C6D29C00C24B50 /* Progress */,
			);
			path = ViewControllers;
			sourceTree = "<group>";
		};
		F953E43127BBDF7F00DE14B7 /* Storyboards */ = {
			isa = PBXGroup;
			children = (
				F97121D427E26CC90095B8C9 /* Base */,
				F96B770E27BE647800678747 /* Start */,
				F96B770F27BE649300678747 /* Home */,
				F997071A27C6D2DD00C24B50 /* Calculator */,
				F997071B27C6D2E600C24B50 /* Muscles */,
				F997071C27C6D2EC00C24B50 /* Profile */,
				F997071D27C6D2F300C24B50 /* Programs */,
				F997071E27C6D2FA00C24B50 /* Progress */,
				F953E42227BBC85100DE14B7 /* LaunchScreen.storyboard */,
			);
			path = Storyboards;
			sourceTree = "<group>";
		};
		F953E43227BBDF8E00DE14B7 /* Coordinator */ = {
			isa = PBXGroup;
			children = (
				F953E43627BBE0E700DE14B7 /* MainCoordinator.swift */,
				F99706E727C662DF00C24B50 /* Coordinator+Calculator.swift */,
				F99706E927C662F100C24B50 /* Coordinator+Muscles.swift */,
				F99706EB27C662FC00C24B50 /* Coordinator+Profile.swift */,
				F99706ED27C6630900C24B50 /* Coordinator+Programs.swift */,
				F99706EF27C6631700C24B50 /* Coordinator+Progress.swift */,
			);
			path = Coordinator;
			sourceTree = "<group>";
		};
		F953E43327BBE07600DE14B7 /* Coordinator */ = {
			isa = PBXGroup;
			children = (
				F953E43427BBE08700DE14B7 /* Coordinator.swift */,
			);
			path = Coordinator;
			sourceTree = "<group>";
		};
		F968596227C3AD0C0007FF5C /* Buttons */ = {
			isa = PBXGroup;
			children = (
				F96B771F27BE8CBC00678747 /* CustomRoundedButton.swift */,
			);
			path = Buttons;
			sourceTree = "<group>";
		};
		F96B770E27BE647800678747 /* Start */ = {
			isa = PBXGroup;
			children = (
				F953E43927BC088D00DE14B7 /* StartViewController.storyboard */,
			);
			path = Start;
			sourceTree = "<group>";
		};
		F96B770F27BE649300678747 /* Home */ = {
			isa = PBXGroup;
			children = (
				F96B771427BE6C7C00678747 /* HomeViewController.storyboard */,
			);
			path = Home;
			sourceTree = "<group>";
		};
		F96B771227BE656800678747 /* Start */ = {
			isa = PBXGroup;
			children = (
				F953E41B27BBC85000DE14B7 /* StartViewController.swift */,
			);
			path = Start;
			sourceTree = "<group>";
		};
		F96B771327BE656F00678747 /* Home */ = {
			isa = PBXGroup;
			children = (
				F96B771027BE64B600678747 /* HomeViewController.swift */,
			);
			path = Home;
			sourceTree = "<group>";
		};
		F96B771627BE80CD00678747 /* Extensions */ = {
			isa = PBXGroup;
			children = (
				F96B771727BE810800678747 /* UIColor+CustomColors.swift */,
				F96B771927BE811D00678747 /* UIFont+CustomFonts.swift */,
				F96B772C27BE98A900678747 /* UIView+Gradient.swift */,
				F9FF38D027DB652F00DDA957 /* UITextField+Extension.swift */,
				F989AF2F27E0AED8008751FB /* Profile+Sex.swift */,
				F92D907727E4A94B0018917F /* UIView+Extension.swift */,
			);
			path = Extensions;
			sourceTree = "<group>";
		};
		F96B771B27BE822D00678747 /* Resources */ = {
			isa = PBXGroup;
			children = (
				F96B771C27BE823F00678747 /* Fonts */,
				F953E42027BBC85100DE14B7 /* Assets.xcassets */,
			);
			path = Resources;
			sourceTree = "<group>";
		};
		F96B771C27BE823F00678747 /* Fonts */ = {
			isa = PBXGroup;
			children = (
				F9D8F1EA27F0819700D2365D /* Gilroy */,
				F96B772127BE909600678747 /* Saira */,
			);
			path = Fonts;
			sourceTree = "<group>";
		};
		F96B772127BE909600678747 /* Saira */ = {
			isa = PBXGroup;
			children = (
				F96B772A27BE90EC00678747 /* Saira-SemiBold.ttf */,
				F96B772527BE90C400678747 /* Saira-Light.ttf */,
				F997071227C6C05F00C24B50 /* Saira-Medium.ttf */,
				F96B772627BE90C400678747 /* Saira-Regular.ttf */,
				F96B772427BE90C400678747 /* Saira-Thin.ttf */,
				F96B772227BE90B200678747 /* Saira-Bold.ttf */,
			);
			path = Saira;
			sourceTree = "<group>";
		};
		F97121CF27E26CA00095B8C9 /* Base */ = {
			isa = PBXGroup;
			children = (
				F97121D027E26CBE0095B8C9 /* BaseViewController.swift */,
			);
			path = Base;
			sourceTree = "<group>";
		};
		F97121D427E26CC90095B8C9 /* Base */ = {
			isa = PBXGroup;
			children = (
				F97121D827E26E6B0095B8C9 /* BaseViewController.storyboard */,
			);
			path = Base;
			sourceTree = "<group>";
		};
		F99706E227C65D3D00C24B50 /* Cells */ = {
			isa = PBXGroup;
			children = (
				F99706E427C65D7300C24B50 /* MenuTableViewCell.xib */,
				F99706E327C65D7300C24B50 /* MenuTableViewCell.swift */,
			);
			path = Cells;
			sourceTree = "<group>";
		};
		F99706F327C664A100C24B50 /* Calculator */ = {
			isa = PBXGroup;
			children = (
				F99706F427C6659300C24B50 /* CalculatorViewController.swift */,
			);
			path = Calculator;
			sourceTree = "<group>";
		};
		F997071627C6D28200C24B50 /* Muscles */ = {
			isa = PBXGroup;
			children = (
				F99706F627C665B100C24B50 /* MusclesViewController.swift */,
			);
			path = Muscles;
			sourceTree = "<group>";
		};
		F997071727C6D28C00C24B50 /* Profile */ = {
			isa = PBXGroup;
			children = (
				F99706F827C665BB00C24B50 /* ProfileViewController.swift */,
				F92D907F27E9208A0018917F /* ParametersViewController.swift */,
			);
			path = Profile;
			sourceTree = "<group>";
		};
		F997071827C6D29300C24B50 /* Programs */ = {
			isa = PBXGroup;
			children = (
				F99706FA27C665CC00C24B50 /* ProgramsViewController.swift */,
			);
			path = Programs;
			sourceTree = "<group>";
		};
		F997071927C6D29C00C24B50 /* Progress */ = {
			isa = PBXGroup;
			children = (
				F99706FC27C665D700C24B50 /* ProgressViewController.swift */,
			);
			path = Progress;
			sourceTree = "<group>";
		};
		F997071A27C6D2DD00C24B50 /* Calculator */ = {
			isa = PBXGroup;
			children = (
				F99706FE27C6660400C24B50 /* CalculatorViewController.storyboard */,
			);
			path = Calculator;
			sourceTree = "<group>";
		};
		F997071B27C6D2E600C24B50 /* Muscles */ = {
			isa = PBXGroup;
			children = (
				F997070A27C6B0F900C24B50 /* MusclesViewController.storyboard */,
			);
			path = Muscles;
			sourceTree = "<group>";
		};
		F997071C27C6D2EC00C24B50 /* Profile */ = {
			isa = PBXGroup;
			children = (
				F997070C27C6B11000C24B50 /* ProfileViewController.storyboard */,
				F92D908127E9209F0018917F /* ParametersViewController.storyboard */,
			);
			path = Profile;
			sourceTree = "<group>";
		};
		F997071D27C6D2F300C24B50 /* Programs */ = {
			isa = PBXGroup;
			children = (
				F997070E27C6B12200C24B50 /* ProgramsViewController.storyboard */,
			);
			path = Programs;
			sourceTree = "<group>";
		};
		F997071E27C6D2FA00C24B50 /* Progress */ = {
			isa = PBXGroup;
			children = (
				F997071027C6B13100C24B50 /* ProgressViewController.storyboard */,
			);
			path = Progress;
			sourceTree = "<group>";
		};
		F997072027C6D33200C24B50 /* Calculator */ = {
			isa = PBXGroup;
			children = (
				F997070027C6661C00C24B50 /* CalculatorViewModel.swift */,
			);
			path = Calculator;
			sourceTree = "<group>";
		};
		F997072127C6D33900C24B50 /* Muscles */ = {
			isa = PBXGroup;
			children = (
				F997070227C6662D00C24B50 /* MusclesViewModel.swift */,
			);
			path = Muscles;
			sourceTree = "<group>";
		};
		F997072227C6D33F00C24B50 /* Profile */ = {
			isa = PBXGroup;
			children = (
				F997070427C6663B00C24B50 /* ProfileViewModel.swift */,
				F92D905727E362CF0018917F /* ParameterViewModel.swift */,
				F94E9F4C27EDDFC200693538 /* UserProfileViewModel.swift */,
			);
			path = Profile;
			sourceTree = "<group>";
		};
		F997072327C6D34500C24B50 /* Programs */ = {
			isa = PBXGroup;
			children = (
				F997070627C6664700C24B50 /* ProgramsViewModel.swift */,
			);
			path = Programs;
			sourceTree = "<group>";
		};
		F997072427C6D34D00C24B50 /* Progress */ = {
			isa = PBXGroup;
			children = (
				F997070827C6665600C24B50 /* ProgressViewModel.swift */,
			);
			path = Progress;
			sourceTree = "<group>";
		};
		F9D68A2B27C12CDC005F551E /* ProfileCoreData */ = {
			isa = PBXGroup;
			children = (
				F976555727F0C8610099616D /* BodyParameter+CoreDataClass.swift */,
				F976555827F0C8610099616D /* BodyParameter+CoreDataProperties.swift */,
				F94E9F4527ECD3CA00693538 /* Profile+CoreDataClass.swift */,
				F94E9F4627ECD3CA00693538 /* Profile+CoreDataProperties.swift */,
				F968596327C3B6EA0007FF5C /* Profile.xcdatamodeld */,
			);
			path = ProfileCoreData;
			sourceTree = "<group>";
		};
		F9D68A2C27C12CEF005F551E /* Profile */ = {
			isa = PBXGroup;
			children = (
				F9D68A2D27C12D18005F551E /* ProfileManager.swift */,
				F968597627C3C4B00007FF5C /* Sex.swift */,
				F938F60F27E3465A00844F65 /* BodyParametersStorage.swift */,
			);
			path = Profile;
			sourceTree = "<group>";
		};
		F9D8F1EA27F0819700D2365D /* Gilroy */ = {
			isa = PBXGroup;
			children = (
				F9D8F1EB27F081CE00D2365D /* Gilroy-Semibold.ttf */,
			);
			path = Gilroy;
			sourceTree = "<group>";
		};
/* End PBXGroup section */

/* Begin PBXNativeTarget section */
		F953E41327BBC85000DE14B7 /* SuperheroShkliaruk */ = {
			isa = PBXNativeTarget;
			buildConfigurationList = F953E42827BBC85100DE14B7 /* Build configuration list for PBXNativeTarget "SuperheroShkliaruk" */;
			buildPhases = (
				F953E41027BBC85000DE14B7 /* Sources */,
				F953E41127BBC85000DE14B7 /* Frameworks */,
				F953E41227BBC85000DE14B7 /* Resources */,
			);
			buildRules = (
			);
			dependencies = (
			);
			name = SuperheroShkliaruk;
			packageProductDependencies = (
				F94E9F4A27ED0EEB00693538 /* OrderedCollections */,
			);
			productName = SuperheroShkliaruk;
			productReference = F953E41427BBC85000DE14B7 /* SuperheroShkliaruk.app */;
			productType = "com.apple.product-type.application";
		};
/* End PBXNativeTarget section */

/* Begin PBXProject section */
		F953E40C27BBC85000DE14B7 /* Project object */ = {
			isa = PBXProject;
			attributes = {
				BuildIndependentTargetsInParallel = 1;
				LastSwiftUpdateCheck = 1320;
				LastUpgradeCheck = 1320;
				ORGANIZATIONNAME = "";
				TargetAttributes = {
					F953E41327BBC85000DE14B7 = {
						CreatedOnToolsVersion = 13.2.1;
					};
				};
			};
			buildConfigurationList = F953E40F27BBC85000DE14B7 /* Build configuration list for PBXProject "SuperheroShkliaruk" */;
			compatibilityVersion = "Xcode 13.0";
			developmentRegion = en;
			hasScannedForEncodings = 0;
			knownRegions = (
				en,
				Base,
			);
			mainGroup = F953E40B27BBC85000DE14B7;
			packageReferences = (
				F94E9F4927ED0EEB00693538 /* XCRemoteSwiftPackageReference "swift-collections" */,
			);
			productRefGroup = F953E41527BBC85000DE14B7 /* Products */;
			projectDirPath = "";
			projectRoot = "";
			targets = (
				F953E41327BBC85000DE14B7 /* SuperheroShkliaruk */,
			);
		};
/* End PBXProject section */

/* Begin PBXResourcesBuildPhase section */
		F953E41227BBC85000DE14B7 /* Resources */ = {
			isa = PBXResourcesBuildPhase;
			buildActionMask = 2147483647;
			files = (
				F997070B27C6B0F900C24B50 /* MusclesViewController.storyboard in Resources */,
				F92D906A27E3781B0018917F /* ProfileParametersListCell.xib in Resources */,
				F96B771527BE6C7C00678747 /* HomeViewController.storyboard in Resources */,
				F92D908227E9209F0018917F /* ParametersViewController.storyboard in Resources */,
				F953E42427BBC85100DE14B7 /* LaunchScreen.storyboard in Resources */,
				F9D8F1E927F043DC00D2365D /* HomeParametersCell.xib in Resources */,
				F96B772B27BE90EC00678747 /* Saira-SemiBold.ttf in Resources */,
				F92FF3F027F4FAB3003B97B5 /* InfoView.xib in Resources */,
				F99706E627C65D7300C24B50 /* MenuTableViewCell.xib in Resources */,
				F953E43A27BC088D00DE14B7 /* StartViewController.storyboard in Resources */,
				F9D8F1EC27F081CE00D2365D /* Gilroy-Semibold.ttf in Resources */,
				F953E42127BBC85100DE14B7 /* Assets.xcassets in Resources */,
				F997071127C6B13100C24B50 /* ProgressViewController.storyboard in Resources */,
				F99706FF27C6660400C24B50 /* CalculatorViewController.storyboard in Resources */,
				F92D906627E378060018917F /* ProfileParametersCell.xib in Resources */,
				F997070F27C6B12200C24B50 /* ProgramsViewController.storyboard in Resources */,
				F997071327C6C05F00C24B50 /* Saira-Medium.ttf in Resources */,
				F96B772927BE90C400678747 /* Saira-Regular.ttf in Resources */,
				F935598A27DFA8CD00229A7B /* ProfileTableHeaderView.xib in Resources */,
				F96B772727BE90C400678747 /* Saira-Thin.ttf in Resources */,
				F96B772327BE90B200678747 /* Saira-Bold.ttf in Resources */,
				F935598C27DFA99500229A7B /* ProfileTableFooterView.xib in Resources */,
				F96B772827BE90C400678747 /* Saira-Light.ttf in Resources */,
				F97121D927E26E6B0095B8C9 /* BaseViewController.storyboard in Resources */,
				F997070D27C6B11000C24B50 /* ProfileViewController.storyboard in Resources */,
			);
			runOnlyForDeploymentPostprocessing = 0;
		};
/* End PBXResourcesBuildPhase section */

/* Begin PBXSourcesBuildPhase section */
		F953E41027BBC85000DE14B7 /* Sources */ = {
			isa = PBXSourcesBuildPhase;
			buildActionMask = 2147483647;
			files = (
				F997070727C6664700C24B50 /* ProgramsViewModel.swift in Sources */,
				F92D905B27E365410018917F /* BaseViewModel.swift in Sources */,
				F997070327C6662E00C24B50 /* MusclesViewModel.swift in Sources */,
				F99706EC27C662FC00C24B50 /* Coordinator+Profile.swift in Sources */,
				F92FF3F227F4FACB003B97B5 /* InfoView.swift in Sources */,
				F99706E827C662DF00C24B50 /* Coordinator+Calculator.swift in Sources */,
				F99706E527C65D7300C24B50 /* MenuTableViewCell.swift in Sources */,
				F99706F727C665B100C24B50 /* MusclesViewController.swift in Sources */,
				F997070127C6661C00C24B50 /* CalculatorViewModel.swift in Sources */,
				F99706EE27C6630900C24B50 /* Coordinator+Programs.swift in Sources */,
				F90DF82827C11E7100B76F30 /* StartViewModel.swift in Sources */,
				F99706F927C665BB00C24B50 /* ProfileViewController.swift in Sources */,
				F92D907A27E749640018917F /* ProfileViewControllerDelegate.swift in Sources */,
				F953E43527BBE08700DE14B7 /* Coordinator.swift in Sources */,
				F938F61027E3465A00844F65 /* BodyParametersStorage.swift in Sources */,
				F92D908E27EA10710018917F /* PresentationController.swift in Sources */,
				F94E9F4D27EDDFC200693538 /* UserProfileViewModel.swift in Sources */,
				F99706FD27C665D700C24B50 /* ProgressViewController.swift in Sources */,
				F968596527C3B6EB0007FF5C /* Profile.xcdatamodeld in Sources */,
				F96B772027BE8CBC00678747 /* CustomRoundedButton.swift in Sources */,
				F9FF38D127DB652F00DDA957 /* UITextField+Extension.swift in Sources */,
				F953E41C27BBC85000DE14B7 /* StartViewController.swift in Sources */,
				F997070527C6663B00C24B50 /* ProfileViewModel.swift in Sources */,
				F99706F027C6631700C24B50 /* Coordinator+Progress.swift in Sources */,
				F997070927C6665600C24B50 /* ProgressViewModel.swift in Sources */,
				F92D906527E378060018917F /* ProfileParametersCell.swift in Sources */,
				F99706F527C6659300C24B50 /* CalculatorViewController.swift in Sources */,
				F98425F927DFB0D9002F2196 /* ProfileTableHeaderView.swift in Sources */,
				F953E41827BBC85000DE14B7 /* AppDelegate.swift in Sources */,
				F953E43727BBE0E700DE14B7 /* MainCoordinator.swift in Sources */,
				F953E41A27BBC85000DE14B7 /* SceneDelegate.swift in Sources */,
				F92D908A27EA0E230018917F /* PresentAnimation.swift in Sources */,
				F98425FB27DFB111002F2196 /* ProfileTableFooterView.swift in Sources */,
				F92D908827E9E2490018917F /* DimmPresentationController.swift in Sources */,
				F97121D227E26CBE0095B8C9 /* BaseViewController.swift in Sources */,
				F968597727C3C4B00007FF5C /* Sex.swift in Sources */,
				F94E9F4727ECD3CA00693538 /* Profile+CoreDataClass.swift in Sources */,
				F96B771127BE64B600678747 /* HomeViewController.swift in Sources */,
				F96B771A27BE811D00678747 /* UIFont+CustomFonts.swift in Sources */,
				F90DF82A27C11EA600B76F30 /* HomeViewModel.swift in Sources */,
				F92D908027E9208A0018917F /* ParametersViewController.swift in Sources */,
				F99706FB27C665CC00C24B50 /* ProgramsViewController.swift in Sources */,
				F96B771827BE810800678747 /* UIColor+CustomColors.swift in Sources */,
				F9D68A2E27C12D18005F551E /* ProfileManager.swift in Sources */,
				F92D906927E3781B0018917F /* ProfileParametersListCell.swift in Sources */,
				F94E9F3B27EBA78800693538 /* ImagePicker.swift in Sources */,
				F989AF3027E0AED8008751FB /* Profile+Sex.swift in Sources */,
				F9D8F1E827F043DC00D2365D /* HomeParametersCell.swift in Sources */,
				F99706EA27C662F100C24B50 /* Coordinator+Muscles.swift in Sources */,
				F92D907627E4A5160018917F /* BodyParametersDelegate.swift in Sources */,
				F96B772D27BE98A900678747 /* UIView+Gradient.swift in Sources */,
				F92D905827E362CF0018917F /* ParameterViewModel.swift in Sources */,
				F976555A27F0C8610099616D /* BodyParameter+CoreDataProperties.swift in Sources */,
				F976555927F0C8610099616D /* BodyParameter+CoreDataClass.swift in Sources */,
				F92D907827E4A94B0018917F /* UIView+Extension.swift in Sources */,
				F92D908627E9E21E0018917F /* DimmTransitionManager.swift in Sources */,
				F953E43C27BC08FD00DE14B7 /* Storyboarded.swift in Sources */,
				F94E9F4827ECD3CA00693538 /* Profile+CoreDataProperties.swift in Sources */,
				F92D908C27EA0E830018917F /* DismissAnimation.swift in Sources */,
			);
			runOnlyForDeploymentPostprocessing = 0;
		};
/* End PBXSourcesBuildPhase section */

/* Begin PBXVariantGroup section */
		F953E42227BBC85100DE14B7 /* LaunchScreen.storyboard */ = {
			isa = PBXVariantGroup;
			children = (
				F953E42327BBC85100DE14B7 /* Base */,
			);
			name = LaunchScreen.storyboard;
			sourceTree = "<group>";
		};
/* End PBXVariantGroup section */

/* Begin XCBuildConfiguration section */
		F953E42627BBC85100DE14B7 /* Debug */ = {
			isa = XCBuildConfiguration;
			buildSettings = {
				ALWAYS_SEARCH_USER_PATHS = NO;
				CLANG_ANALYZER_NONNULL = YES;
				CLANG_ANALYZER_NUMBER_OBJECT_CONVERSION = YES_AGGRESSIVE;
				CLANG_CXX_LANGUAGE_STANDARD = "gnu++17";
				CLANG_CXX_LIBRARY = "libc++";
				CLANG_ENABLE_MODULES = YES;
				CLANG_ENABLE_OBJC_ARC = YES;
				CLANG_ENABLE_OBJC_WEAK = YES;
				CLANG_WARN_BLOCK_CAPTURE_AUTORELEASING = YES;
				CLANG_WARN_BOOL_CONVERSION = YES;
				CLANG_WARN_COMMA = YES;
				CLANG_WARN_CONSTANT_CONVERSION = YES;
				CLANG_WARN_DEPRECATED_OBJC_IMPLEMENTATIONS = YES;
				CLANG_WARN_DIRECT_OBJC_ISA_USAGE = YES_ERROR;
				CLANG_WARN_DOCUMENTATION_COMMENTS = YES;
				CLANG_WARN_EMPTY_BODY = YES;
				CLANG_WARN_ENUM_CONVERSION = YES;
				CLANG_WARN_INFINITE_RECURSION = YES;
				CLANG_WARN_INT_CONVERSION = YES;
				CLANG_WARN_NON_LITERAL_NULL_CONVERSION = YES;
				CLANG_WARN_OBJC_IMPLICIT_RETAIN_SELF = YES;
				CLANG_WARN_OBJC_LITERAL_CONVERSION = YES;
				CLANG_WARN_OBJC_ROOT_CLASS = YES_ERROR;
				CLANG_WARN_QUOTED_INCLUDE_IN_FRAMEWORK_HEADER = YES;
				CLANG_WARN_RANGE_LOOP_ANALYSIS = YES;
				CLANG_WARN_STRICT_PROTOTYPES = YES;
				CLANG_WARN_SUSPICIOUS_MOVE = YES;
				CLANG_WARN_UNGUARDED_AVAILABILITY = YES_AGGRESSIVE;
				CLANG_WARN_UNREACHABLE_CODE = YES;
				CLANG_WARN__DUPLICATE_METHOD_MATCH = YES;
				COPY_PHASE_STRIP = NO;
				DEBUG_INFORMATION_FORMAT = dwarf;
				ENABLE_STRICT_OBJC_MSGSEND = YES;
				ENABLE_TESTABILITY = YES;
				GCC_C_LANGUAGE_STANDARD = gnu11;
				GCC_DYNAMIC_NO_PIC = NO;
				GCC_NO_COMMON_BLOCKS = YES;
				GCC_OPTIMIZATION_LEVEL = 0;
				GCC_PREPROCESSOR_DEFINITIONS = (
					"DEBUG=1",
					"$(inherited)",
				);
				GCC_WARN_64_TO_32_BIT_CONVERSION = YES;
				GCC_WARN_ABOUT_RETURN_TYPE = YES_ERROR;
				GCC_WARN_UNDECLARED_SELECTOR = YES;
				GCC_WARN_UNINITIALIZED_AUTOS = YES_AGGRESSIVE;
				GCC_WARN_UNUSED_FUNCTION = YES;
				GCC_WARN_UNUSED_VARIABLE = YES;
				IPHONEOS_DEPLOYMENT_TARGET = 13.0;
				MTL_ENABLE_DEBUG_INFO = INCLUDE_SOURCE;
				MTL_FAST_MATH = YES;
				ONLY_ACTIVE_ARCH = YES;
				SDKROOT = iphoneos;
				SWIFT_ACTIVE_COMPILATION_CONDITIONS = DEBUG;
				SWIFT_OPTIMIZATION_LEVEL = "-Onone";
			};
			name = Debug;
		};
		F953E42727BBC85100DE14B7 /* Release */ = {
			isa = XCBuildConfiguration;
			buildSettings = {
				ALWAYS_SEARCH_USER_PATHS = NO;
				CLANG_ANALYZER_NONNULL = YES;
				CLANG_ANALYZER_NUMBER_OBJECT_CONVERSION = YES_AGGRESSIVE;
				CLANG_CXX_LANGUAGE_STANDARD = "gnu++17";
				CLANG_CXX_LIBRARY = "libc++";
				CLANG_ENABLE_MODULES = YES;
				CLANG_ENABLE_OBJC_ARC = YES;
				CLANG_ENABLE_OBJC_WEAK = YES;
				CLANG_WARN_BLOCK_CAPTURE_AUTORELEASING = YES;
				CLANG_WARN_BOOL_CONVERSION = YES;
				CLANG_WARN_COMMA = YES;
				CLANG_WARN_CONSTANT_CONVERSION = YES;
				CLANG_WARN_DEPRECATED_OBJC_IMPLEMENTATIONS = YES;
				CLANG_WARN_DIRECT_OBJC_ISA_USAGE = YES_ERROR;
				CLANG_WARN_DOCUMENTATION_COMMENTS = YES;
				CLANG_WARN_EMPTY_BODY = YES;
				CLANG_WARN_ENUM_CONVERSION = YES;
				CLANG_WARN_INFINITE_RECURSION = YES;
				CLANG_WARN_INT_CONVERSION = YES;
				CLANG_WARN_NON_LITERAL_NULL_CONVERSION = YES;
				CLANG_WARN_OBJC_IMPLICIT_RETAIN_SELF = YES;
				CLANG_WARN_OBJC_LITERAL_CONVERSION = YES;
				CLANG_WARN_OBJC_ROOT_CLASS = YES_ERROR;
				CLANG_WARN_QUOTED_INCLUDE_IN_FRAMEWORK_HEADER = YES;
				CLANG_WARN_RANGE_LOOP_ANALYSIS = YES;
				CLANG_WARN_STRICT_PROTOTYPES = YES;
				CLANG_WARN_SUSPICIOUS_MOVE = YES;
				CLANG_WARN_UNGUARDED_AVAILABILITY = YES_AGGRESSIVE;
				CLANG_WARN_UNREACHABLE_CODE = YES;
				CLANG_WARN__DUPLICATE_METHOD_MATCH = YES;
				COPY_PHASE_STRIP = NO;
				DEBUG_INFORMATION_FORMAT = "dwarf-with-dsym";
				ENABLE_NS_ASSERTIONS = NO;
				ENABLE_STRICT_OBJC_MSGSEND = YES;
				GCC_C_LANGUAGE_STANDARD = gnu11;
				GCC_NO_COMMON_BLOCKS = YES;
				GCC_WARN_64_TO_32_BIT_CONVERSION = YES;
				GCC_WARN_ABOUT_RETURN_TYPE = YES_ERROR;
				GCC_WARN_UNDECLARED_SELECTOR = YES;
				GCC_WARN_UNINITIALIZED_AUTOS = YES_AGGRESSIVE;
				GCC_WARN_UNUSED_FUNCTION = YES;
				GCC_WARN_UNUSED_VARIABLE = YES;
				INFOPLIST_KEY_UISupportedInterfaceOrientations_iPhone = "";
				IPHONEOS_DEPLOYMENT_TARGET = 13.0;
				MTL_ENABLE_DEBUG_INFO = NO;
				MTL_FAST_MATH = YES;
				SDKROOT = iphoneos;
				SWIFT_COMPILATION_MODE = wholemodule;
				SWIFT_OPTIMIZATION_LEVEL = "-O";
				VALIDATE_PRODUCT = YES;
			};
			name = Release;
		};
		F953E42927BBC85100DE14B7 /* Debug */ = {
			isa = XCBuildConfiguration;
			buildSettings = {
				ASSETCATALOG_COMPILER_APPICON_NAME = AppIcon;
				ASSETCATALOG_COMPILER_GLOBAL_ACCENT_COLOR_NAME = AccentColor;
				ASSETCATALOG_COMPILER_INCLUDE_ALL_APPICON_ASSETS = YES;
				CODE_SIGN_IDENTITY = "Apple Development";
				CODE_SIGN_STYLE = Automatic;
				CURRENT_PROJECT_VERSION = 5;
				DEVELOPMENT_TEAM = QZ8GL87UF9;
				GENERATE_INFOPLIST_FILE = YES;
				INFOPLIST_FILE = SuperheroShkliaruk/Info.plist;
				INFOPLIST_KEY_NSCameraUsageDescription = "This app wants to use your camera";
				INFOPLIST_KEY_NSPhotoLibraryUsageDescription = "This app wants to use your photos";
				INFOPLIST_KEY_UIApplicationSupportsIndirectInputEvents = YES;
				INFOPLIST_KEY_UILaunchStoryboardName = LaunchScreen;
				INFOPLIST_KEY_UISupportedInterfaceOrientations = UIInterfaceOrientationPortrait;
				INFOPLIST_KEY_UISupportedInterfaceOrientations_iPhone = UIInterfaceOrientationPortrait;
				IPHONEOS_DEPLOYMENT_TARGET = 15.0;
				LD_RUNPATH_SEARCH_PATHS = (
					"$(inherited)",
					"@executable_path/Frameworks",
				);
				MARKETING_VERSION = 1.2;
				PRODUCT_BUNDLE_IDENTIFIER = devshkliaruk.SuperheroShkliaruk;
				PRODUCT_NAME = "$(TARGET_NAME)";
				PROVISIONING_PROFILE_SPECIFIER = "";
				SWIFT_EMIT_LOC_STRINGS = YES;
				SWIFT_VERSION = 5.0;
				TARGETED_DEVICE_FAMILY = 1;
			};
			name = Debug;
		};
		F953E42A27BBC85100DE14B7 /* Release */ = {
			isa = XCBuildConfiguration;
			buildSettings = {
				ASSETCATALOG_COMPILER_APPICON_NAME = AppIcon;
				ASSETCATALOG_COMPILER_GLOBAL_ACCENT_COLOR_NAME = AccentColor;
				ASSETCATALOG_COMPILER_INCLUDE_ALL_APPICON_ASSETS = YES;
				CODE_SIGN_IDENTITY = "Apple Development";
				CODE_SIGN_STYLE = Automatic;
				CURRENT_PROJECT_VERSION = 5;
				DEVELOPMENT_TEAM = QZ8GL87UF9;
				GENERATE_INFOPLIST_FILE = YES;
				INFOPLIST_FILE = SuperheroShkliaruk/Info.plist;
				INFOPLIST_KEY_NSCameraUsageDescription = "This app wants to use your camera";
				INFOPLIST_KEY_NSPhotoLibraryUsageDescription = "This app wants to use your photos";
				INFOPLIST_KEY_UIApplicationSupportsIndirectInputEvents = YES;
				INFOPLIST_KEY_UILaunchStoryboardName = LaunchScreen;
				INFOPLIST_KEY_UISupportedInterfaceOrientations = UIInterfaceOrientationPortrait;
				INFOPLIST_KEY_UISupportedInterfaceOrientations_iPhone = UIInterfaceOrientationPortrait;
				IPHONEOS_DEPLOYMENT_TARGET = 15.0;
				LD_RUNPATH_SEARCH_PATHS = (
					"$(inherited)",
					"@executable_path/Frameworks",
				);
				MARKETING_VERSION = 1.2;
				PRODUCT_BUNDLE_IDENTIFIER = devshkliaruk.SuperheroShkliaruk;
				PRODUCT_NAME = "$(TARGET_NAME)";
				PROVISIONING_PROFILE_SPECIFIER = "";
				SWIFT_EMIT_LOC_STRINGS = YES;
				SWIFT_VERSION = 5.0;
				TARGETED_DEVICE_FAMILY = 1;
			};
			name = Release;
		};
/* End XCBuildConfiguration section */

/* Begin XCConfigurationList section */
		F953E40F27BBC85000DE14B7 /* Build configuration list for PBXProject "SuperheroShkliaruk" */ = {
			isa = XCConfigurationList;
			buildConfigurations = (
				F953E42627BBC85100DE14B7 /* Debug */,
				F953E42727BBC85100DE14B7 /* Release */,
			);
			defaultConfigurationIsVisible = 0;
			defaultConfigurationName = Release;
		};
		F953E42827BBC85100DE14B7 /* Build configuration list for PBXNativeTarget "SuperheroShkliaruk" */ = {
			isa = XCConfigurationList;
			buildConfigurations = (
				F953E42927BBC85100DE14B7 /* Debug */,
				F953E42A27BBC85100DE14B7 /* Release */,
			);
			defaultConfigurationIsVisible = 0;
			defaultConfigurationName = Release;
		};
/* End XCConfigurationList section */

/* Begin XCRemoteSwiftPackageReference section */
		F94E9F4927ED0EEB00693538 /* XCRemoteSwiftPackageReference "swift-collections" */ = {
			isa = XCRemoteSwiftPackageReference;
			repositoryURL = "https://github.com/apple/swift-collections.git";
			requirement = {
				kind = upToNextMajorVersion;
				minimumVersion = 1.0.0;
			};
		};
/* End XCRemoteSwiftPackageReference section */

/* Begin XCSwiftPackageProductDependency section */
		F94E9F4A27ED0EEB00693538 /* OrderedCollections */ = {
			isa = XCSwiftPackageProductDependency;
			package = F94E9F4927ED0EEB00693538 /* XCRemoteSwiftPackageReference "swift-collections" */;
			productName = OrderedCollections;
		};
/* End XCSwiftPackageProductDependency section */

/* Begin XCVersionGroup section */
		F968596327C3B6EA0007FF5C /* Profile.xcdatamodeld */ = {
			isa = XCVersionGroup;
			children = (
				F968596427C3B6EB0007FF5C /* Profile.xcdatamodel */,
			);
			currentVersion = F968596427C3B6EB0007FF5C /* Profile.xcdatamodel */;
			path = Profile.xcdatamodeld;
			sourceTree = "<group>";
			versionGroupType = wrapper.xcdatamodel;
		};
/* End XCVersionGroup section */
	};
	rootObject = F953E40C27BBC85000DE14B7 /* Project object */;
}
